
Microsoft Visual Studio Solution File, Format Version 12.00
# Visual Studio Version 17
VisualStudioVersion = 17.9.34622.214
MinimumVisualStudioVersion = 10.0.40219.1
Project("{9A19103F-16F7-4668-BE54-9A1E7A4F7556}") = "DZ_POB2421", "DZ_POB2421\DZ_POB2421.csproj", "{54C8ED05-28B5-4BBA-9B1B-01151D038968}"
EndProject
Project("{9A19103F-16F7-4668-BE54-9A1E7A4F7556}") = "HomeWork-5-1", "HomeWork-5-1\HomeWork-5-1.csproj", "{5B0FCF64-A076-4A3A-A8A2-6683C4720F61}"
EndProject
Project("{9A19103F-16F7-4668-BE54-9A1E7A4F7556}") = "HomeWork-5-2", "HomeWork-5-2\HomeWork-5-2.csproj", "{4A76AC7D-04BF-446D-B5F7-7AF7FE440B6B}"
EndProject
Project("{9A19103F-16F7-4668-BE54-9A1E7A4F7556}") = "HomeWork 6-1", "HomeWork 6-1\HomeWork 6-1.csproj", "{B2FE07BD-CE2E-42D1-B8F4-6E6BA26DCF87}"
EndProject
Project("{9A19103F-16F7-4668-BE54-9A1E7A4F7556}") = "HomeWork 6-2", "HomeWork 6-2\HomeWork 6-2.csproj", "{2215534C-04F8-4A2F-81E5-25C24D7F703C}"
EndProject
Project("{9A19103F-16F7-4668-BE54-9A1E7A4F7556}") = "HomeWork 8-1", "HomeWork 8-1\HomeWork 8-1.csproj", "{C83C6297-5E61-499D-9939-F9FDD435D670}"
EndProject
Project("{9A19103F-16F7-4668-BE54-9A1E7A4F7556}") = "HomeWork 8-2", "HomeWork 8-2\HomeWork 8-2.csproj", "{A1F6C7C2-DB28-4C01-AD4C-DA01551E03CF}"
EndProject
Project("{9A19103F-16F7-4668-BE54-9A1E7A4F7556}") = "Test", "Test\Test.csproj", "{F3707187-9B7C-45DE-8C2B-232EDA8D466A}"
EndProject
Project("{9A19103F-16F7-4668-BE54-9A1E7A4F7556}") = "HomeWork 9-1", "HomeWork 9-1\HomeWork 9-1.csproj", "{542134D6-47FD-4A97-9F57-442753A66C0A}"
EndProject
Project("{9A19103F-16F7-4668-BE54-9A1E7A4F7556}") = "HomeWork 9-2", "HomeWork 9-2\HomeWork 9-2.csproj", "{B07FBBAA-670D-4139-8FF2-9EA04C563FF7}"
EndProject
Project("{9A19103F-16F7-4668-BE54-9A1E7A4F7556}") = "HomeWork 11-3", "HomeWork 11-3\HomeWork 11-3.csproj", "{2F05CB9A-746E-49B2-AE6B-0889A0A6DBE9}"
EndProject
Project("{9A19103F-16F7-4668-BE54-9A1E7A4F7556}") = "HomeWork10-1", "HomeWork10-1\HomeWork10-1.csproj", "{F70F482C-D650-4DD6-9E22-D6216B7DD16D}"
EndProject
Project("{9A19103F-16F7-4668-BE54-9A1E7A4F7556}") = "HomeWork10-2", "HomeWork10-2\HomeWork10-2.csproj", "{A55C5945-5E29-45CA-A581-60EE0C5E735E}"
EndProject
Project("{9A19103F-16F7-4668-BE54-9A1E7A4F7556}") = "Lessons8", "Lessons8\Lessons8.csproj", "{C1880AAA-FF4E-4418-9A35-88321E0CB243}"
EndProject
Project("{9A19103F-16F7-4668-BE54-9A1E7A4F7556}") = "HomeWork11", "HomeWork11\HomeWork11.csproj", "{E8DF2F80-4A79-4EBA-9417-8FA7D16F9EFD}"
EndProject
Project("{9A19103F-16F7-4668-BE54-9A1E7A4F7556}") = "HomeWork 11-2", "HomeWork 11-2\HomeWork 11-2.csproj", "{D5AAAE9D-9824-4FF2-93C2-184EF5C0BCD5}"
EndProject
Project("{9A19103F-16F7-4668-BE54-9A1E7A4F7556}") = "HomeWork 13-2", "HomeWork 13-2\HomeWork 13-2.csproj", "{1BE6A17D-270D-4A0C-9201-907F38607A4E}"
EndProject
Project("{9A19103F-16F7-4668-BE54-9A1E7A4F7556}") = "HomeWork 14-1", "HomeWork 14-1\HomeWork 14-1.csproj", "{6862504A-6828-4A8B-B7A2-7A3CF2BDC54C}"
EndProject
Project("{9A19103F-16F7-4668-BE54-9A1E7A4F7556}") = "HomeWork 14-2", "HomeWork 14-2\HomeWork 14-2.csproj", "{8B56E46B-E6F5-415A-9D76-99AA07E51AFD}"
EndProject
Project("{9A19103F-16F7-4668-BE54-9A1E7A4F7556}") = "HomeWork 15-2", "HomeWork 15-2\HomeWork 15-2.csproj", "{D86BFF2B-38E1-4DC1-B1DE-F2F6DD3C2462}"
EndProject
Project("{9A19103F-16F7-4668-BE54-9A1E7A4F7556}") = "Random", "Random\Random.csproj", "{069AB808-6CE1-4521-98A5-3FF76EBA6D39}"
EndProject
Project("{9A19103F-16F7-4668-BE54-9A1E7A4F7556}") = "StarStop", "StarStop\StarStop.csproj", "{5E2728FF-DF86-40E5-B1FB-524D8FEFDDD6}"
EndProject
Project("{9A19103F-16F7-4668-BE54-9A1E7A4F7556}") = "HomeWork 16-1", "HomeWork 16-1\HomeWork 16-1.csproj", "{F8F46C73-86C5-4C0F-B749-18C90A52834A}"
EndProject
Project("{9A19103F-16F7-4668-BE54-9A1E7A4F7556}") = "HomeWork15-1", "HomeWork15-1\HomeWork15-1.csproj", "{EDB59E7E-03AF-4AE9-8BD6-80ADAFEC12AB}"
EndProject
Project("{9A19103F-16F7-4668-BE54-9A1E7A4F7556}") = "HomeWork15-3", "HomeWork15-3\HomeWork15-3.csproj", "{D598A9FD-BA5F-43F5-9A32-FD0590958261}"
EndProject
Project("{FAE04EC0-301F-11D3-BF4B-00C04F79EFBC}") = "HomeWork15-4", "HomeWork15-4\HomeWork15-4.csproj", "{4AD87DC2-67BB-4A48-9F90-DB6A0786E930}"
EndProject
Global
	GlobalSection(SolutionConfigurationPlatforms) = preSolution
		Debug|Any CPU = Debug|Any CPU
		Release|Any CPU = Release|Any CPU
	EndGlobalSection
	GlobalSection(ProjectConfigurationPlatforms) = postSolution
		{54C8ED05-28B5-4BBA-9B1B-01151D038968}.Debug|Any CPU.ActiveCfg = Debug|Any CPU
		{54C8ED05-28B5-4BBA-9B1B-01151D038968}.Debug|Any CPU.Build.0 = Debug|Any CPU
		{54C8ED05-28B5-4BBA-9B1B-01151D038968}.Release|Any CPU.ActiveCfg = Release|Any CPU
		{54C8ED05-28B5-4BBA-9B1B-01151D038968}.Release|Any CPU.Build.0 = Release|Any CPU
		{5B0FCF64-A076-4A3A-A8A2-6683C4720F61}.Debug|Any CPU.ActiveCfg = Debug|Any CPU
		{5B0FCF64-A076-4A3A-A8A2-6683C4720F61}.Debug|Any CPU.Build.0 = Debug|Any CPU
		{5B0FCF64-A076-4A3A-A8A2-6683C4720F61}.Release|Any CPU.ActiveCfg = Release|Any CPU
		{5B0FCF64-A076-4A3A-A8A2-6683C4720F61}.Release|Any CPU.Build.0 = Release|Any CPU
		{4A76AC7D-04BF-446D-B5F7-7AF7FE440B6B}.Debug|Any CPU.ActiveCfg = Debug|Any CPU
		{4A76AC7D-04BF-446D-B5F7-7AF7FE440B6B}.Debug|Any CPU.Build.0 = Debug|Any CPU
		{4A76AC7D-04BF-446D-B5F7-7AF7FE440B6B}.Release|Any CPU.ActiveCfg = Release|Any CPU
		{4A76AC7D-04BF-446D-B5F7-7AF7FE440B6B}.Release|Any CPU.Build.0 = Release|Any CPU
		{B2FE07BD-CE2E-42D1-B8F4-6E6BA26DCF87}.Debug|Any CPU.ActiveCfg = Debug|Any CPU
		{B2FE07BD-CE2E-42D1-B8F4-6E6BA26DCF87}.Debug|Any CPU.Build.0 = Debug|Any CPU
		{B2FE07BD-CE2E-42D1-B8F4-6E6BA26DCF87}.Release|Any CPU.ActiveCfg = Release|Any CPU
		{B2FE07BD-CE2E-42D1-B8F4-6E6BA26DCF87}.Release|Any CPU.Build.0 = Release|Any CPU
		{2215534C-04F8-4A2F-81E5-25C24D7F703C}.Debug|Any CPU.ActiveCfg = Debug|Any CPU
		{2215534C-04F8-4A2F-81E5-25C24D7F703C}.Debug|Any CPU.Build.0 = Debug|Any CPU
		{2215534C-04F8-4A2F-81E5-25C24D7F703C}.Release|Any CPU.ActiveCfg = Release|Any CPU
		{2215534C-04F8-4A2F-81E5-25C24D7F703C}.Release|Any CPU.Build.0 = Release|Any CPU
		{C83C6297-5E61-499D-9939-F9FDD435D670}.Debug|Any CPU.ActiveCfg = Debug|Any CPU
		{C83C6297-5E61-499D-9939-F9FDD435D670}.Debug|Any CPU.Build.0 = Debug|Any CPU
		{C83C6297-5E61-499D-9939-F9FDD435D670}.Release|Any CPU.ActiveCfg = Release|Any CPU
		{C83C6297-5E61-499D-9939-F9FDD435D670}.Release|Any CPU.Build.0 = Release|Any CPU
		{A1F6C7C2-DB28-4C01-AD4C-DA01551E03CF}.Debug|Any CPU.ActiveCfg = Debug|Any CPU
		{A1F6C7C2-DB28-4C01-AD4C-DA01551E03CF}.Debug|Any CPU.Build.0 = Debug|Any CPU
		{A1F6C7C2-DB28-4C01-AD4C-DA01551E03CF}.Release|Any CPU.ActiveCfg = Release|Any CPU
		{A1F6C7C2-DB28-4C01-AD4C-DA01551E03CF}.Release|Any CPU.Build.0 = Release|Any CPU
		{F3707187-9B7C-45DE-8C2B-232EDA8D466A}.Debug|Any CPU.ActiveCfg = Debug|Any CPU
		{F3707187-9B7C-45DE-8C2B-232EDA8D466A}.Debug|Any CPU.Build.0 = Debug|Any CPU
		{F3707187-9B7C-45DE-8C2B-232EDA8D466A}.Release|Any CPU.ActiveCfg = Release|Any CPU
		{F3707187-9B7C-45DE-8C2B-232EDA8D466A}.Release|Any CPU.Build.0 = Release|Any CPU
		{542134D6-47FD-4A97-9F57-442753A66C0A}.Debug|Any CPU.ActiveCfg = Debug|Any CPU
		{542134D6-47FD-4A97-9F57-442753A66C0A}.Debug|Any CPU.Build.0 = Debug|Any CPU
		{542134D6-47FD-4A97-9F57-442753A66C0A}.Release|Any CPU.ActiveCfg = Release|Any CPU
		{542134D6-47FD-4A97-9F57-442753A66C0A}.Release|Any CPU.Build.0 = Release|Any CPU
		{B07FBBAA-670D-4139-8FF2-9EA04C563FF7}.Debug|Any CPU.ActiveCfg = Debug|Any CPU
		{B07FBBAA-670D-4139-8FF2-9EA04C563FF7}.Debug|Any CPU.Build.0 = Debug|Any CPU
		{B07FBBAA-670D-4139-8FF2-9EA04C563FF7}.Release|Any CPU.ActiveCfg = Release|Any CPU
		{B07FBBAA-670D-4139-8FF2-9EA04C563FF7}.Release|Any CPU.Build.0 = Release|Any CPU
		{2F05CB9A-746E-49B2-AE6B-0889A0A6DBE9}.Debug|Any CPU.ActiveCfg = Debug|Any CPU
		{2F05CB9A-746E-49B2-AE6B-0889A0A6DBE9}.Debug|Any CPU.Build.0 = Debug|Any CPU
		{2F05CB9A-746E-49B2-AE6B-0889A0A6DBE9}.Release|Any CPU.ActiveCfg = Release|Any CPU
		{2F05CB9A-746E-49B2-AE6B-0889A0A6DBE9}.Release|Any CPU.Build.0 = Release|Any CPU
		{F70F482C-D650-4DD6-9E22-D6216B7DD16D}.Debug|Any CPU.ActiveCfg = Debug|Any CPU
		{F70F482C-D650-4DD6-9E22-D6216B7DD16D}.Debug|Any CPU.Build.0 = Debug|Any CPU
		{F70F482C-D650-4DD6-9E22-D6216B7DD16D}.Release|Any CPU.ActiveCfg = Release|Any CPU
		{F70F482C-D650-4DD6-9E22-D6216B7DD16D}.Release|Any CPU.Build.0 = Release|Any CPU
		{A55C5945-5E29-45CA-A581-60EE0C5E735E}.Debug|Any CPU.ActiveCfg = Debug|Any CPU
		{A55C5945-5E29-45CA-A581-60EE0C5E735E}.Debug|Any CPU.Build.0 = Debug|Any CPU
		{A55C5945-5E29-45CA-A581-60EE0C5E735E}.Release|Any CPU.ActiveCfg = Release|Any CPU
		{A55C5945-5E29-45CA-A581-60EE0C5E735E}.Release|Any CPU.Build.0 = Release|Any CPU
		{C1880AAA-FF4E-4418-9A35-88321E0CB243}.Debug|Any CPU.ActiveCfg = Debug|Any CPU
		{C1880AAA-FF4E-4418-9A35-88321E0CB243}.Debug|Any CPU.Build.0 = Debug|Any CPU
		{C1880AAA-FF4E-4418-9A35-88321E0CB243}.Release|Any CPU.ActiveCfg = Release|Any CPU
		{C1880AAA-FF4E-4418-9A35-88321E0CB243}.Release|Any CPU.Build.0 = Release|Any CPU
		{E8DF2F80-4A79-4EBA-9417-8FA7D16F9EFD}.Debug|Any CPU.ActiveCfg = Debug|Any CPU
		{E8DF2F80-4A79-4EBA-9417-8FA7D16F9EFD}.Debug|Any CPU.Build.0 = Debug|Any CPU
		{E8DF2F80-4A79-4EBA-9417-8FA7D16F9EFD}.Release|Any CPU.ActiveCfg = Release|Any CPU
		{E8DF2F80-4A79-4EBA-9417-8FA7D16F9EFD}.Release|Any CPU.Build.0 = Release|Any CPU
		{D5AAAE9D-9824-4FF2-93C2-184EF5C0BCD5}.Debug|Any CPU.ActiveCfg = Debug|Any CPU
		{D5AAAE9D-9824-4FF2-93C2-184EF5C0BCD5}.Debug|Any CPU.Build.0 = Debug|Any CPU
		{D5AAAE9D-9824-4FF2-93C2-184EF5C0BCD5}.Release|Any CPU.ActiveCfg = Release|Any CPU
		{D5AAAE9D-9824-4FF2-93C2-184EF5C0BCD5}.Release|Any CPU.Build.0 = Release|Any CPU
		{1BE6A17D-270D-4A0C-9201-907F38607A4E}.Debug|Any CPU.ActiveCfg = Debug|Any CPU
		{1BE6A17D-270D-4A0C-9201-907F38607A4E}.Debug|Any CPU.Build.0 = Debug|Any CPU
		{1BE6A17D-270D-4A0C-9201-907F38607A4E}.Release|Any CPU.ActiveCfg = Release|Any CPU
		{1BE6A17D-270D-4A0C-9201-907F38607A4E}.Release|Any CPU.Build.0 = Release|Any CPU
		{6862504A-6828-4A8B-B7A2-7A3CF2BDC54C}.Debug|Any CPU.ActiveCfg = Debug|Any CPU
		{6862504A-6828-4A8B-B7A2-7A3CF2BDC54C}.Debug|Any CPU.Build.0 = Debug|Any CPU
		{6862504A-6828-4A8B-B7A2-7A3CF2BDC54C}.Release|Any CPU.ActiveCfg = Release|Any CPU
		{6862504A-6828-4A8B-B7A2-7A3CF2BDC54C}.Release|Any CPU.Build.0 = Release|Any CPU
		{8B56E46B-E6F5-415A-9D76-99AA07E51AFD}.Debug|Any CPU.ActiveCfg = Debug|Any CPU
		{8B56E46B-E6F5-415A-9D76-99AA07E51AFD}.Debug|Any CPU.Build.0 = Debug|Any CPU
		{8B56E46B-E6F5-415A-9D76-99AA07E51AFD}.Release|Any CPU.ActiveCfg = Release|Any CPU
		{8B56E46B-E6F5-415A-9D76-99AA07E51AFD}.Release|Any CPU.Build.0 = Release|Any CPU
		{D86BFF2B-38E1-4DC1-B1DE-F2F6DD3C2462}.Debug|Any CPU.ActiveCfg = Debug|Any CPU
		{D86BFF2B-38E1-4DC1-B1DE-F2F6DD3C2462}.Debug|Any CPU.Build.0 = Debug|Any CPU
		{D86BFF2B-38E1-4DC1-B1DE-F2F6DD3C2462}.Release|Any CPU.ActiveCfg = Release|Any CPU
		{D86BFF2B-38E1-4DC1-B1DE-F2F6DD3C2462}.Release|Any CPU.Build.0 = Release|Any CPU
		{069AB808-6CE1-4521-98A5-3FF76EBA6D39}.Debug|Any CPU.ActiveCfg = Debug|Any CPU
		{069AB808-6CE1-4521-98A5-3FF76EBA6D39}.Debug|Any CPU.Build.0 = Debug|Any CPU
		{069AB808-6CE1-4521-98A5-3FF76EBA6D39}.Release|Any CPU.ActiveCfg = Release|Any CPU
		{069AB808-6CE1-4521-98A5-3FF76EBA6D39}.Release|Any CPU.Build.0 = Release|Any CPU
		{5E2728FF-DF86-40E5-B1FB-524D8FEFDDD6}.Debug|Any CPU.ActiveCfg = Debug|Any CPU
		{5E2728FF-DF86-40E5-B1FB-524D8FEFDDD6}.Debug|Any CPU.Build.0 = Debug|Any CPU
		{5E2728FF-DF86-40E5-B1FB-524D8FEFDDD6}.Release|Any CPU.ActiveCfg = Release|Any CPU
		{5E2728FF-DF86-40E5-B1FB-524D8FEFDDD6}.Release|Any CPU.Build.0 = Release|Any CPU
		{F8F46C73-86C5-4C0F-B749-18C90A52834A}.Debug|Any CPU.ActiveCfg = Debug|Any CPU
		{F8F46C73-86C5-4C0F-B749-18C90A52834A}.Debug|Any CPU.Build.0 = Debug|Any CPU
		{F8F46C73-86C5-4C0F-B749-18C90A52834A}.Release|Any CPU.ActiveCfg = Release|Any CPU
		{F8F46C73-86C5-4C0F-B749-18C90A52834A}.Release|Any CPU.Build.0 = Release|Any CPU
		{EDB59E7E-03AF-4AE9-8BD6-80ADAFEC12AB}.Debug|Any CPU.ActiveCfg = Debug|Any CPU
		{EDB59E7E-03AF-4AE9-8BD6-80ADAFEC12AB}.Debug|Any CPU.Build.0 = Debug|Any CPU
		{EDB59E7E-03AF-4AE9-8BD6-80ADAFEC12AB}.Release|Any CPU.ActiveCfg = Release|Any CPU
		{EDB59E7E-03AF-4AE9-8BD6-80ADAFEC12AB}.Release|Any CPU.Build.0 = Release|Any CPU
		{D598A9FD-BA5F-43F5-9A32-FD0590958261}.Debug|Any CPU.ActiveCfg = Debug|Any CPU
		{D598A9FD-BA5F-43F5-9A32-FD0590958261}.Debug|Any CPU.Build.0 = Debug|Any CPU
		{D598A9FD-BA5F-43F5-9A32-FD0590958261}.Release|Any CPU.ActiveCfg = Release|Any CPU
		{D598A9FD-BA5F-43F5-9A32-FD0590958261}.Release|Any CPU.Build.0 = Release|Any CPU
		{4AD87DC2-67BB-4A48-9F90-DB6A0786E930}.Debug|Any CPU.ActiveCfg = Debug|Any CPU
		{4AD87DC2-67BB-4A48-9F90-DB6A0786E930}.Debug|Any CPU.Build.0 = Debug|Any CPU
		{4AD87DC2-67BB-4A48-9F90-DB6A0786E930}.Release|Any CPU.ActiveCfg = Release|Any CPU
		{4AD87DC2-67BB-4A48-9F90-DB6A0786E930}.Release|Any CPU.Build.0 = Release|Any CPU
	EndGlobalSection
	GlobalSection(SolutionProperties) = preSolution
		HideSolutionNode = FALSE
	EndGlobalSection
	GlobalSection(ExtensibilityGlobals) = postSolution
		SolutionGuid = {89D82A01-92A4-4950-900A-EB9AFE009339}
	EndGlobalSection
EndGlobal
