
Microsoft Visual Studio Solution File, Format Version 12.00
# Visual Studio Version 17
VisualStudioVersion = 17.9.34622.214
MinimumVisualStudioVersion = 10.0.40219.1
Project("{9A19103F-16F7-4668-BE54-9A1E7A4F7556}") = "DZ_POB2421", "DZ_POB2421\DZ_POB2421.csproj", "{54C8ED05-28B5-4BBA-9B1B-01151D038968}"
EndProject
Project("{9A19103F-16F7-4668-BE54-9A1E7A4F7556}") = "HomeWork-5-1", "HomeWork-5-1\HomeWork-5-1.csproj", "{5B0FCF64-A076-4A3A-A8A2-6683C4720F61}"
EndProject
Project("{9A19103F-16F7-4668-BE54-9A1E7A4F7556}") = "HomeWork-5-2", "HomeWork-5-2\HomeWork-5-2.csproj", "{4A76AC7D-04BF-446D-B5F7-7AF7FE440B6B}"
EndProject
Project("{9A19103F-16F7-4668-BE54-9A1E7A4F7556}") = "HomeWork 6-1", "HomeWork 6-1\HomeWork 6-1.csproj", "{B2FE07BD-CE2E-42D1-B8F4-6E6BA26DCF87}"
EndProject
Project("{9A19103F-16F7-4668-BE54-9A1E7A4F7556}") = "HomeWork 6-2", "HomeWork 6-2\HomeWork 6-2.csproj", "{2215534C-04F8-4A2F-81E5-25C24D7F703C}"
EndProject
Project("{9A19103F-16F7-4668-BE54-9A1E7A4F7556}") = "HomeWork 8-1", "HomeWork 8-1\HomeWork 8-1.csproj", "{C83C6297-5E61-499D-9939-F9FDD435D670}"
EndProject
Project("{9A19103F-16F7-4668-BE54-9A1E7A4F7556}") = "HomeWork 8-2", "HomeWork 8-2\HomeWork 8-2.csproj", "{A1F6C7C2-DB28-4C01-AD4C-DA01551E03CF}"
EndProject
Project("{9A19103F-16F7-4668-BE54-9A1E7A4F7556}") = "Test", "Test\Test.csproj", "{F3707187-9B7C-45DE-8C2B-232EDA8D466A}"
EndProject
Project("{9A19103F-16F7-4668-BE54-9A1E7A4F7556}") = "HomeWork 9-1", "HomeWork 9-1\HomeWork 9-1.csproj", "{542134D6-47FD-4A97-9F57-442753A66C0A}"
EndProject
Project("{9A19103F-16F7-4668-BE54-9A1E7A4F7556}") = "HomeWork 9-2", "HomeWork 9-2\HomeWork 9-2.csproj", "{B07FBBAA-670D-4139-8FF2-9EA04C563FF7}"
EndProject
Project("{9A19103F-16F7-4668-BE54-9A1E7A4F7556}") = "HomeWork 11-3", "HomeWork 11-3\HomeWork 11-3.csproj", "{2F05CB9A-746E-49B2-AE6B-0889A0A6DBE9}"
EndProject
Project("{9A19103F-16F7-4668-BE54-9A1E7A4F7556}") = "HomeWork10-1", "HomeWork10-1\HomeWork10-1.csproj", "{F70F482C-D650-4DD6-9E22-D6216B7DD16D}"
EndProject
Project("{9A19103F-16F7-4668-BE54-9A1E7A4F7556}") = "HomeWork10-2", "HomeWork10-2\HomeWork10-2.csproj", "{A55C5945-5E29-45CA-A581-60EE0C5E735E}"
EndProject
Project("{9A19103F-16F7-4668-BE54-9A1E7A4F7556}") = "Lessons8", "Lessons8\Lessons8.csproj", "{C1880AAA-FF4E-4418-9A35-88321E0CB243}"
EndProject
Project("{9A19103F-16F7-4668-BE54-9A1E7A4F7556}") = "HomeWork11", "HomeWork11\HomeWork11.csproj", "{E8DF2F80-4A79-4EBA-9417-8FA7D16F9EFD}"
EndProject
Project("{9A19103F-16F7-4668-BE54-9A1E7A4F7556}") = "HomeWork 11-2", "HomeWork 11-2\HomeWork 11-2.csproj", "{D5AAAE9D-9824-4FF2-93C2-184EF5C0BCD5}"
EndProject
Project("{9A19103F-16F7-4668-BE54-9A1E7A4F7556}") = "HomeWork 13-2", "HomeWork 13-2\HomeWork 13-2.csproj", "{1BE6A17D-270D-4A0C-9201-907F38607A4E}"
EndProject
Project("{9A19103F-16F7-4668-BE54-9A1E7A4F7556}") = "HomeWork 14-1", "HomeWork 14-1\HomeWork 14-1.csproj", "{6862504A-6828-4A8B-B7A2-7A3CF2BDC54C}"
EndProject
Project("{9A19103F-16F7-4668-BE54-9A1E7A4F7556}") = "HomeWork 14-2", "HomeWork 14-2\HomeWork 14-2.csproj", "{8B56E46B-E6F5-415A-9D76-99AA07E51AFD}"
EndProject
Project("{9A19103F-16F7-4668-BE54-9A1E7A4F7556}") = "HomeWork 15-2", "HomeWork 15-2\HomeWork 15-2.csproj", "{D86BFF2B-38E1-4DC1-B1DE-F2F6DD3C2462}"
EndProject
Project("{9A19103F-16F7-4668-BE54-9A1E7A4F7556}") = "Random", "Random\Random.csproj", "{069AB808-6CE1-4521-98A5-3FF76EBA6D39}"
EndProject
Project("{9A19103F-16F7-4668-BE54-9A1E7A4F7556}") = "StarStop", "StarStop\StarStop.csproj", "{5E2728FF-DF86-40E5-B1FB-524D8FEFDDD6}"
EndProject
Project("{9A19103F-16F7-4668-BE54-9A1E7A4F7556}") = "HomeWork 16-1", "HomeWork 16-1\HomeWork 16-1.csproj", "{F8F46C73-86C5-4C0F-B749-18C90A52834A}"
EndProject
Project("{9A19103F-16F7-4668-BE54-9A1E7A4F7556}") = "HomeWork15-1", "HomeWork15-1\HomeWork15-1.csproj", "{EDB59E7E-03AF-4AE9-8BD6-80ADAFEC12AB}"
EndProject
Project("{9A19103F-16F7-4668-BE54-9A1E7A4F7556}") = "HomeWork15-3", "HomeWork15-3\HomeWork15-3.csproj", "{D598A9FD-BA5F-43F5-9A32-FD0590958261}"
EndProject
Project("{9A19103F-16F7-4668-BE54-9A1E7A4F7556}") = "HomeWork15-4", "HomeWork15-4\HomeWork15-4.csproj", "{4AD87DC2-67BB-4A48-9F90-DB6A0786E930}"
EndProject
Project("{9A19103F-16F7-4668-BE54-9A1E7A4F7556}") = "Menu", "Menu\Menu.csproj", "{09719042-BF47-4D57-8C66-59EA1DD23847}"
EndProject
Project("{9A19103F-16F7-4668-BE54-9A1E7A4F7556}") = "HomeWork16-2", "HomeWork16-2\HomeWork16-2.csproj", "{82D4DD0B-0D91-4957-B7C3-5C522C2E807D}"
EndProject
Project("{9A19103F-16F7-4668-BE54-9A1E7A4F7556}") = "HomeWork17-1", "HomeWork17-1\HomeWork17-1.csproj", "{09539008-EA96-4682-BF01-88ABCA31C520}"
EndProject
Project("{9A19103F-16F7-4668-BE54-9A1E7A4F7556}") = "HomeWork17-2", "HomeWork17-2\HomeWork17-2.csproj", "{2A7C4334-211F-45E0-9809-0CC004EDC4ED}"
EndProject
Project("{9A19103F-16F7-4668-BE54-9A1E7A4F7556}") = "HomeWork18-1", "HomeWork18-1\HomeWork18-1.csproj", "{819EFCF8-910B-4B4F-A3C7-535D40817138}"
EndProject
Project("{9A19103F-16F7-4668-BE54-9A1E7A4F7556}") = "HomeWork18-2", "HomeWork18-2\HomeWork18-2.csproj", "{9285595A-8406-4621-91ED-C64BAC360F3E}"
EndProject
Project("{9A19103F-16F7-4668-BE54-9A1E7A4F7556}") = "String", "String\String.csproj", "{F18771CC-A6A9-4B3B-BB91-9172A0671BCB}"
EndProject
Project("{9A19103F-16F7-4668-BE54-9A1E7A4F7556}") = "HomeWork19-1", "HomeWork19-1\HomeWork19-1.csproj", "{A781CCD8-A4F3-4897-9569-C505467071E9}"
EndProject
Project("{9A19103F-16F7-4668-BE54-9A1E7A4F7556}") = "HomeWork19-2", "HomeWork19-2\HomeWork19-2.csproj", "{B433F3FC-ECC4-428C-A545-E38CDB63D1E9}"
EndProject
Project("{9A19103F-16F7-4668-BE54-9A1E7A4F7556}") = "HomeWork19-3", "HomeWork19-3\HomeWork19-3.csproj", "{B6FE5888-4C3C-4B66-9A10-9D3B4D6DC08C}"
EndProject
Project("{9A19103F-16F7-4668-BE54-9A1E7A4F7556}") = "HomeWork20-1", "HomeWork20-1\HomeWork20-1.csproj", "{D5282AA2-3B66-4F5A-8DA7-EF604BD652CE}"
EndProject
Project("{9A19103F-16F7-4668-BE54-9A1E7A4F7556}") = "HomeWork20-2", "HomeWork20-2\HomeWork20-2.csproj", "{B974866D-1E3F-4DD5-A2D0-E1BBC2167F2B}"
EndProject
Project("{9A19103F-16F7-4668-BE54-9A1E7A4F7556}") = "HomeWork19-4", "HomeWork19-4\HomeWork19-4.csproj", "{8481B809-5783-4107-8ED7-DF144BC5BA0C}"
EndProject
Project("{9A19103F-16F7-4668-BE54-9A1E7A4F7556}") = "HomeWork20-3", "HomeWork20-3\HomeWork20-3.csproj", "{B85E7174-98D1-409A-822D-E73F7B186A32}"
EndProject
Project("{9A19103F-16F7-4668-BE54-9A1E7A4F7556}") = "HomeWork20-4", "HomeWork20-4\HomeWork20-4.csproj", "{B7773A61-080E-4D9C-ABBA-B5E4B067993B}"
EndProject
Project("{9A19103F-16F7-4668-BE54-9A1E7A4F7556}") = "HomeWork21-1", "HomeWork21-1\HomeWork21-1.csproj", "{81B05401-163E-4DE4-BFC9-47CD23E10D21}"
EndProject
Project("{9A19103F-16F7-4668-BE54-9A1E7A4F7556}") = "HomeWork21-2", "HomeWork21-2\HomeWork21-2.csproj", "{DD5EF0D4-63A6-4DE6-B936-E69A8D794053}"
EndProject
Project("{9A19103F-16F7-4668-BE54-9A1E7A4F7556}") = "HomeWork21-3", "HomeWork21-3\HomeWork21-3.csproj", "{6259393B-A813-4D99-919B-DDA3E8F23E52}"
EndProject
Project("{9A19103F-16F7-4668-BE54-9A1E7A4F7556}") = "HomeWork21-4", "HomeWork21-4\HomeWork21-4.csproj", "{8567E849-01B4-4865-832A-2052AADE70DB}"
EndProject
Project("{9A19103F-16F7-4668-BE54-9A1E7A4F7556}") = "HomeWork22-1 - исключительные сит", "HomeWork22-1\HomeWork22-1 - исключительные сит.csproj", "{7626482B-0FC5-4574-804F-FDE7F069D52D}"
EndProject
Project("{9A19103F-16F7-4668-BE54-9A1E7A4F7556}") = "TryCatch", "TryCatch\TryCatch.csproj", "{68AD14B9-3529-424C-B5C6-70A5426D6042}"
EndProject
Project("{9A19103F-16F7-4668-BE54-9A1E7A4F7556}") = "HomeWork22-2", "HomeWork22-2\HomeWork22-2.csproj", "{AC10E5C1-6F2B-49CA-B284-6043045781EF}"
EndProject
Project("{9A19103F-16F7-4668-BE54-9A1E7A4F7556}") = "HomeWork24-1", "HomeWork24-1\HomeWork24-1.csproj", "{6061E9B3-ACEF-4568-B8CE-D3D88C36E5B2}"
EndProject
Project("{9A19103F-16F7-4668-BE54-9A1E7A4F7556}") = "HomeWork24-2", "HomeWork24-2\HomeWork24-2.csproj", "{00B71FEE-070D-4148-A492-B9AC69DA84D7}"
EndProject
Project("{9A19103F-16F7-4668-BE54-9A1E7A4F7556}") = "HomeWork25-1", "HomeWork25-1\HomeWork25-1.csproj", "{CCC4B06A-A572-4939-8403-C579697824A9}"
EndProject
Project("{9A19103F-16F7-4668-BE54-9A1E7A4F7556}") = "HomeWork25-2", "HomeWork25-2\HomeWork25-2.csproj", "{A09EA7DE-8942-41B6-9E1A-A33BDD796927}"
EndProject
Project("{9A19103F-16F7-4668-BE54-9A1E7A4F7556}") = "HomeWork26-1", "HomeWork26-1\HomeWork26-1.csproj", "{0A5EE9FE-FE6C-496D-843C-9310412C9484}"
EndProject
Project("{9A19103F-16F7-4668-BE54-9A1E7A4F7556}") = "HomeWork26-2", "HomeWork26-2\HomeWork26-2.csproj", "{D75DFEA5-9B5E-4B07-8668-E6AC826CD1DC}"
EndProject
Project("{9A19103F-16F7-4668-BE54-9A1E7A4F7556}") = "HomeWork27-1", "HomeWork27-1\HomeWork27-1.csproj", "{47ECF5E9-0A10-442E-A2BA-478E6AC8074A}"
EndProject
Project("{9A19103F-16F7-4668-BE54-9A1E7A4F7556}") = "HomeWork27-3", "HomeWork27-3\HomeWork27-3.csproj", "{EECE0D42-E4EE-4B24-8B75-67B98BBA4929}"
EndProject
Project("{9A19103F-16F7-4668-BE54-9A1E7A4F7556}") = "HomeWork27-4", "HomeWork27-4\HomeWork27-4.csproj", "{4AE5D0AD-1EBA-42E7-86A0-37ECA7A8974A}"
EndProject
Project("{9A19103F-16F7-4668-BE54-9A1E7A4F7556}") = "HomeWork28-1", "HomeWork28-1\HomeWork28-1.csproj", "{1CA348B7-D9BD-4DAF-92D3-461AE2872CC7}"
EndProject
Project("{9A19103F-16F7-4668-BE54-9A1E7A4F7556}") = "HomeWork28-2", "HomeWork28-2\HomeWork28-2.csproj", "{E5D5A134-9DB2-437F-8740-14AA1DA1E1E3}"
EndProject
Project("{9A19103F-16F7-4668-BE54-9A1E7A4F7556}") = "HomeWork28-3", "HomeWork28-3\HomeWork28-3.csproj", "{39D5DA92-30D0-4585-B86E-A1E1BA873F5E}"
EndProject
Project("{9A19103F-16F7-4668-BE54-9A1E7A4F7556}") = "HomeWork28-4", "HomeWork28-4\HomeWork28-4.csproj", "{EBF0BD5C-94AC-4C5E-A048-5252141A7C0D}"
EndProject
Project("{9A19103F-16F7-4668-BE54-9A1E7A4F7556}") = "HomeWork29", "HomeWork29\HomeWork29.csproj", "{1745B1EF-D527-454B-B8E8-2F30133553AD}"
EndProject
Project("{9A19103F-16F7-4668-BE54-9A1E7A4F7556}") = "HomeWork31-1", "HomeWork31-1\HomeWork31-1.csproj", "{B51907F4-3E75-4C0C-8B2B-5C258AE8352C}"
EndProject
Project("{9A19103F-16F7-4668-BE54-9A1E7A4F7556}") = "HomeWork33 - List + Save", "HomeWork33\HomeWork33 - List + Save.csproj", "{B575B9B5-1A9D-412C-BDB1-F283FD53DA3D}"
EndProject
Project("{9A19103F-16F7-4668-BE54-9A1E7A4F7556}") = "HW-OOP-1", "HW-OOP-1\HW-OOP-1.csproj", "{BD444EDA-361A-4CC5-945F-137E612AF714}"
EndProject
Project("{9A19103F-16F7-4668-BE54-9A1E7A4F7556}") = "HW-OOP-2", "HW-OOP-2\HW-OOP-2.csproj", "{6AC26A1D-22B2-446F-8CA4-6AC398331AB8}"
EndProject
Project("{9A19103F-16F7-4668-BE54-9A1E7A4F7556}") = "HomeWork33-2 - сортировка", "HomeWork33-2\HomeWork33-2 - сортировка.csproj", "{407882A7-60F0-4540-A4CB-BA31C3A5798F}"
EndProject
Project("{9A19103F-16F7-4668-BE54-9A1E7A4F7556}") = "HW-OOP--2", "HW-OOP--2\HW-OOP--2.csproj", "{7662EAC3-9489-4E91-98B9-5A400B1B80A3}"
EndProject
Project("{9A19103F-16F7-4668-BE54-9A1E7A4F7556}") = "HW-OOP-3", "HW-OOP-3\HW-OOP-3.csproj", "{3CE57262-BE98-4CE1-B56F-677B89CE9C8A}"
EndProject
Project("{9A19103F-16F7-4668-BE54-9A1E7A4F7556}") = "HW-OOP-4", "HW-OOP-4\HW-OOP-4.csproj", "{47B37F58-2982-4B31-90FD-D97F7C6BF651}"
EndProject
Project("{9A19103F-16F7-4668-BE54-9A1E7A4F7556}") = "HW-OOP-5", "HW-OOP-5\HW-OOP-5.csproj", "{384545CD-9D98-46FA-AE8D-9E530EE4B5EF}"
EndProject
Project("{9A19103F-16F7-4668-BE54-9A1E7A4F7556}") = "HW-OOP-6", "HW-OOP-6\HW-OOP-6.csproj", "{A7EBB364-194E-4976-A9C9-7D135B4AB472}"
EndProject
Project("{9A19103F-16F7-4668-BE54-9A1E7A4F7556}") = "HW-OOP-7", "HW-OOP-7\HW-OOP-7.csproj", "{3C91A8E8-9F36-4008-BF4C-CCB584EF8983}"
EndProject
Project("{9A19103F-16F7-4668-BE54-9A1E7A4F7556}") = "HW-OOP-10 - Index", "HW-OOP-10\HW-OOP-10 - Index.csproj", "{89155165-6593-421F-A495-720E2A4AB430}"
EndProject
Project("{9A19103F-16F7-4668-BE54-9A1E7A4F7556}") = "HW-OOP-11", "HW-OOP-11\HW-OOP-11.csproj", "{78D0CBB4-3B5E-4B74-A592-F6A6D21AB367}"
EndProject
Project("{9A19103F-16F7-4668-BE54-9A1E7A4F7556}") = "HW-OOP-12", "HW-OOP-12\HW-OOP-12.csproj", "{8F22EF80-98E2-4B2D-A649-6A93AE2F241B}"
EndProject
Project("{9A19103F-16F7-4668-BE54-9A1E7A4F7556}") = "HW-OOP-15", "HW-OOP-15\HW-OOP-15.csproj", "{A1D6A097-86C9-4145-9D34-95945D166A93}"
EndProject
Project("{9A19103F-16F7-4668-BE54-9A1E7A4F7556}") = "OOP-HW-16-1", "OOP-HW-16-1\OOP-HW-16-1.csproj", "{3E3C10C8-80C7-44CE-9CDE-EE631D6F71B7}"
EndProject
Project("{9A19103F-16F7-4668-BE54-9A1E7A4F7556}") = "HW-OOP-13", "HW-OOP-13\HW-OOP-13.csproj", "{F845C368-42BE-4750-88C6-54CACDBBE8D8}"
EndProject
Project("{9A19103F-16F7-4668-BE54-9A1E7A4F7556}") = "HW-OOP-16.2", "HW-OOP-16.2\HW-OOP-16.2.csproj", "{ADB8C89C-EE92-455B-A6C3-CAADF0781932}"
EndProject
Project("{9A19103F-16F7-4668-BE54-9A1E7A4F7556}") = "HW-OOP-13.1", "HW-OOP-13.1\HW-OOP-13.1.csproj", "{F401D3DB-4B4C-43B3-BC6B-75CD54AD3BA0}"
EndProject
Project("{9A19103F-16F7-4668-BE54-9A1E7A4F7556}") = "HW-OOP-18", "HW-OOP-18\HW-OOP-18.csproj", "{CF268D8E-A11C-4AB4-AAE5-8205FEAA964B}"
EndProject
Project("{9A19103F-16F7-4668-BE54-9A1E7A4F7556}") = "HW-OOP-19.1", "HW-OOP-19.1\HW-OOP-19.1.csproj", "{DD4359A9-8931-4689-BC74-AA764E7395AC}"
EndProject
Project("{9A19103F-16F7-4668-BE54-9A1E7A4F7556}") = "HW-OOP-19.2", "HW-OOP-19.2\HW-OOP-19.2.csproj", "{DAD0AE37-C3B5-4B6E-9EA6-152BCD264394}"
EndProject
Project("{9A19103F-16F7-4668-BE54-9A1E7A4F7556}") = "HW-OOP-21.1", "HW-OOP-21.1\HW-OOP-21.1.csproj", "{AF5FC4C0-CB9B-4DA5-89FA-B77E8C588347}"
EndProject
Project("{9A19103F-16F7-4668-BE54-9A1E7A4F7556}") = "HW-OOP-20", "HW-OOP-20\HW-OOP-20.csproj", "{C1DAC081-9084-4F19-AC70-F7EAAF4BECF6}"
EndProject
Project("{9A19103F-16F7-4668-BE54-9A1E7A4F7556}") = "HW-OOP-23", "HW-OOP-23\HW-OOP-23.csproj", "{F1760E90-D855-4D9B-9847-EFA715A2262B}"
EndProject
Project("{9A19103F-16F7-4668-BE54-9A1E7A4F7556}") = "HW-OOP-24", "HW-OOP-24\HW-OOP-24.csproj", "{374EDBC0-0077-4B5D-A153-D4825596C75C}"
EndProject
Project("{FAE04EC0-301F-11D3-BF4B-00C04F79EFBC}") = "HW-OOP-22", "HW-OOP-22\HW-OOP-22.csproj", "{F7A27931-2C7B-4B33-8AA1-91A9C6033C11}"
EndProject
Global
	GlobalSection(SolutionConfigurationPlatforms) = preSolution
		Debug|Any CPU = Debug|Any CPU
		Release|Any CPU = Release|Any CPU
	EndGlobalSection
	GlobalSection(ProjectConfigurationPlatforms) = postSolution
		{54C8ED05-28B5-4BBA-9B1B-01151D038968}.Debug|Any CPU.ActiveCfg = Debug|Any CPU
		{54C8ED05-28B5-4BBA-9B1B-01151D038968}.Debug|Any CPU.Build.0 = Debug|Any CPU
		{54C8ED05-28B5-4BBA-9B1B-01151D038968}.Release|Any CPU.ActiveCfg = Release|Any CPU
		{54C8ED05-28B5-4BBA-9B1B-01151D038968}.Release|Any CPU.Build.0 = Release|Any CPU
		{5B0FCF64-A076-4A3A-A8A2-6683C4720F61}.Debug|Any CPU.ActiveCfg = Debug|Any CPU
		{5B0FCF64-A076-4A3A-A8A2-6683C4720F61}.Debug|Any CPU.Build.0 = Debug|Any CPU
		{5B0FCF64-A076-4A3A-A8A2-6683C4720F61}.Release|Any CPU.ActiveCfg = Release|Any CPU
		{5B0FCF64-A076-4A3A-A8A2-6683C4720F61}.Release|Any CPU.Build.0 = Release|Any CPU
		{4A76AC7D-04BF-446D-B5F7-7AF7FE440B6B}.Debug|Any CPU.ActiveCfg = Debug|Any CPU
		{4A76AC7D-04BF-446D-B5F7-7AF7FE440B6B}.Debug|Any CPU.Build.0 = Debug|Any CPU
		{4A76AC7D-04BF-446D-B5F7-7AF7FE440B6B}.Release|Any CPU.ActiveCfg = Release|Any CPU
		{4A76AC7D-04BF-446D-B5F7-7AF7FE440B6B}.Release|Any CPU.Build.0 = Release|Any CPU
		{B2FE07BD-CE2E-42D1-B8F4-6E6BA26DCF87}.Debug|Any CPU.ActiveCfg = Debug|Any CPU
		{B2FE07BD-CE2E-42D1-B8F4-6E6BA26DCF87}.Debug|Any CPU.Build.0 = Debug|Any CPU
		{B2FE07BD-CE2E-42D1-B8F4-6E6BA26DCF87}.Release|Any CPU.ActiveCfg = Release|Any CPU
		{B2FE07BD-CE2E-42D1-B8F4-6E6BA26DCF87}.Release|Any CPU.Build.0 = Release|Any CPU
		{2215534C-04F8-4A2F-81E5-25C24D7F703C}.Debug|Any CPU.ActiveCfg = Debug|Any CPU
		{2215534C-04F8-4A2F-81E5-25C24D7F703C}.Debug|Any CPU.Build.0 = Debug|Any CPU
		{2215534C-04F8-4A2F-81E5-25C24D7F703C}.Release|Any CPU.ActiveCfg = Release|Any CPU
		{2215534C-04F8-4A2F-81E5-25C24D7F703C}.Release|Any CPU.Build.0 = Release|Any CPU
		{C83C6297-5E61-499D-9939-F9FDD435D670}.Debug|Any CPU.ActiveCfg = Debug|Any CPU
		{C83C6297-5E61-499D-9939-F9FDD435D670}.Debug|Any CPU.Build.0 = Debug|Any CPU
		{C83C6297-5E61-499D-9939-F9FDD435D670}.Release|Any CPU.ActiveCfg = Release|Any CPU
		{C83C6297-5E61-499D-9939-F9FDD435D670}.Release|Any CPU.Build.0 = Release|Any CPU
		{A1F6C7C2-DB28-4C01-AD4C-DA01551E03CF}.Debug|Any CPU.ActiveCfg = Debug|Any CPU
		{A1F6C7C2-DB28-4C01-AD4C-DA01551E03CF}.Debug|Any CPU.Build.0 = Debug|Any CPU
		{A1F6C7C2-DB28-4C01-AD4C-DA01551E03CF}.Release|Any CPU.ActiveCfg = Release|Any CPU
		{A1F6C7C2-DB28-4C01-AD4C-DA01551E03CF}.Release|Any CPU.Build.0 = Release|Any CPU
		{F3707187-9B7C-45DE-8C2B-232EDA8D466A}.Debug|Any CPU.ActiveCfg = Debug|Any CPU
		{F3707187-9B7C-45DE-8C2B-232EDA8D466A}.Debug|Any CPU.Build.0 = Debug|Any CPU
		{F3707187-9B7C-45DE-8C2B-232EDA8D466A}.Release|Any CPU.ActiveCfg = Release|Any CPU
		{F3707187-9B7C-45DE-8C2B-232EDA8D466A}.Release|Any CPU.Build.0 = Release|Any CPU
		{542134D6-47FD-4A97-9F57-442753A66C0A}.Debug|Any CPU.ActiveCfg = Debug|Any CPU
		{542134D6-47FD-4A97-9F57-442753A66C0A}.Debug|Any CPU.Build.0 = Debug|Any CPU
		{542134D6-47FD-4A97-9F57-442753A66C0A}.Release|Any CPU.ActiveCfg = Release|Any CPU
		{542134D6-47FD-4A97-9F57-442753A66C0A}.Release|Any CPU.Build.0 = Release|Any CPU
		{B07FBBAA-670D-4139-8FF2-9EA04C563FF7}.Debug|Any CPU.ActiveCfg = Debug|Any CPU
		{B07FBBAA-670D-4139-8FF2-9EA04C563FF7}.Debug|Any CPU.Build.0 = Debug|Any CPU
		{B07FBBAA-670D-4139-8FF2-9EA04C563FF7}.Release|Any CPU.ActiveCfg = Release|Any CPU
		{B07FBBAA-670D-4139-8FF2-9EA04C563FF7}.Release|Any CPU.Build.0 = Release|Any CPU
		{2F05CB9A-746E-49B2-AE6B-0889A0A6DBE9}.Debug|Any CPU.ActiveCfg = Debug|Any CPU
		{2F05CB9A-746E-49B2-AE6B-0889A0A6DBE9}.Debug|Any CPU.Build.0 = Debug|Any CPU
		{2F05CB9A-746E-49B2-AE6B-0889A0A6DBE9}.Release|Any CPU.ActiveCfg = Release|Any CPU
		{2F05CB9A-746E-49B2-AE6B-0889A0A6DBE9}.Release|Any CPU.Build.0 = Release|Any CPU
		{F70F482C-D650-4DD6-9E22-D6216B7DD16D}.Debug|Any CPU.ActiveCfg = Debug|Any CPU
		{F70F482C-D650-4DD6-9E22-D6216B7DD16D}.Debug|Any CPU.Build.0 = Debug|Any CPU
		{F70F482C-D650-4DD6-9E22-D6216B7DD16D}.Release|Any CPU.ActiveCfg = Release|Any CPU
		{F70F482C-D650-4DD6-9E22-D6216B7DD16D}.Release|Any CPU.Build.0 = Release|Any CPU
		{A55C5945-5E29-45CA-A581-60EE0C5E735E}.Debug|Any CPU.ActiveCfg = Debug|Any CPU
		{A55C5945-5E29-45CA-A581-60EE0C5E735E}.Debug|Any CPU.Build.0 = Debug|Any CPU
		{A55C5945-5E29-45CA-A581-60EE0C5E735E}.Release|Any CPU.ActiveCfg = Release|Any CPU
		{A55C5945-5E29-45CA-A581-60EE0C5E735E}.Release|Any CPU.Build.0 = Release|Any CPU
		{C1880AAA-FF4E-4418-9A35-88321E0CB243}.Debug|Any CPU.ActiveCfg = Debug|Any CPU
		{C1880AAA-FF4E-4418-9A35-88321E0CB243}.Debug|Any CPU.Build.0 = Debug|Any CPU
		{C1880AAA-FF4E-4418-9A35-88321E0CB243}.Release|Any CPU.ActiveCfg = Release|Any CPU
		{C1880AAA-FF4E-4418-9A35-88321E0CB243}.Release|Any CPU.Build.0 = Release|Any CPU
		{E8DF2F80-4A79-4EBA-9417-8FA7D16F9EFD}.Debug|Any CPU.ActiveCfg = Debug|Any CPU
		{E8DF2F80-4A79-4EBA-9417-8FA7D16F9EFD}.Debug|Any CPU.Build.0 = Debug|Any CPU
		{E8DF2F80-4A79-4EBA-9417-8FA7D16F9EFD}.Release|Any CPU.ActiveCfg = Release|Any CPU
		{E8DF2F80-4A79-4EBA-9417-8FA7D16F9EFD}.Release|Any CPU.Build.0 = Release|Any CPU
		{D5AAAE9D-9824-4FF2-93C2-184EF5C0BCD5}.Debug|Any CPU.ActiveCfg = Debug|Any CPU
		{D5AAAE9D-9824-4FF2-93C2-184EF5C0BCD5}.Debug|Any CPU.Build.0 = Debug|Any CPU
		{D5AAAE9D-9824-4FF2-93C2-184EF5C0BCD5}.Release|Any CPU.ActiveCfg = Release|Any CPU
		{D5AAAE9D-9824-4FF2-93C2-184EF5C0BCD5}.Release|Any CPU.Build.0 = Release|Any CPU
		{1BE6A17D-270D-4A0C-9201-907F38607A4E}.Debug|Any CPU.ActiveCfg = Debug|Any CPU
		{1BE6A17D-270D-4A0C-9201-907F38607A4E}.Debug|Any CPU.Build.0 = Debug|Any CPU
		{1BE6A17D-270D-4A0C-9201-907F38607A4E}.Release|Any CPU.ActiveCfg = Release|Any CPU
		{1BE6A17D-270D-4A0C-9201-907F38607A4E}.Release|Any CPU.Build.0 = Release|Any CPU
		{6862504A-6828-4A8B-B7A2-7A3CF2BDC54C}.Debug|Any CPU.ActiveCfg = Debug|Any CPU
		{6862504A-6828-4A8B-B7A2-7A3CF2BDC54C}.Debug|Any CPU.Build.0 = Debug|Any CPU
		{6862504A-6828-4A8B-B7A2-7A3CF2BDC54C}.Release|Any CPU.ActiveCfg = Release|Any CPU
		{6862504A-6828-4A8B-B7A2-7A3CF2BDC54C}.Release|Any CPU.Build.0 = Release|Any CPU
		{8B56E46B-E6F5-415A-9D76-99AA07E51AFD}.Debug|Any CPU.ActiveCfg = Debug|Any CPU
		{8B56E46B-E6F5-415A-9D76-99AA07E51AFD}.Debug|Any CPU.Build.0 = Debug|Any CPU
		{8B56E46B-E6F5-415A-9D76-99AA07E51AFD}.Release|Any CPU.ActiveCfg = Release|Any CPU
		{8B56E46B-E6F5-415A-9D76-99AA07E51AFD}.Release|Any CPU.Build.0 = Release|Any CPU
		{D86BFF2B-38E1-4DC1-B1DE-F2F6DD3C2462}.Debug|Any CPU.ActiveCfg = Debug|Any CPU
		{D86BFF2B-38E1-4DC1-B1DE-F2F6DD3C2462}.Debug|Any CPU.Build.0 = Debug|Any CPU
		{D86BFF2B-38E1-4DC1-B1DE-F2F6DD3C2462}.Release|Any CPU.ActiveCfg = Release|Any CPU
		{D86BFF2B-38E1-4DC1-B1DE-F2F6DD3C2462}.Release|Any CPU.Build.0 = Release|Any CPU
		{069AB808-6CE1-4521-98A5-3FF76EBA6D39}.Debug|Any CPU.ActiveCfg = Debug|Any CPU
		{069AB808-6CE1-4521-98A5-3FF76EBA6D39}.Debug|Any CPU.Build.0 = Debug|Any CPU
		{069AB808-6CE1-4521-98A5-3FF76EBA6D39}.Release|Any CPU.ActiveCfg = Release|Any CPU
		{069AB808-6CE1-4521-98A5-3FF76EBA6D39}.Release|Any CPU.Build.0 = Release|Any CPU
		{5E2728FF-DF86-40E5-B1FB-524D8FEFDDD6}.Debug|Any CPU.ActiveCfg = Debug|Any CPU
		{5E2728FF-DF86-40E5-B1FB-524D8FEFDDD6}.Debug|Any CPU.Build.0 = Debug|Any CPU
		{5E2728FF-DF86-40E5-B1FB-524D8FEFDDD6}.Release|Any CPU.ActiveCfg = Release|Any CPU
		{5E2728FF-DF86-40E5-B1FB-524D8FEFDDD6}.Release|Any CPU.Build.0 = Release|Any CPU
		{F8F46C73-86C5-4C0F-B749-18C90A52834A}.Debug|Any CPU.ActiveCfg = Debug|Any CPU
		{F8F46C73-86C5-4C0F-B749-18C90A52834A}.Debug|Any CPU.Build.0 = Debug|Any CPU
		{F8F46C73-86C5-4C0F-B749-18C90A52834A}.Release|Any CPU.ActiveCfg = Release|Any CPU
		{F8F46C73-86C5-4C0F-B749-18C90A52834A}.Release|Any CPU.Build.0 = Release|Any CPU
		{EDB59E7E-03AF-4AE9-8BD6-80ADAFEC12AB}.Debug|Any CPU.ActiveCfg = Debug|Any CPU
		{EDB59E7E-03AF-4AE9-8BD6-80ADAFEC12AB}.Debug|Any CPU.Build.0 = Debug|Any CPU
		{EDB59E7E-03AF-4AE9-8BD6-80ADAFEC12AB}.Release|Any CPU.ActiveCfg = Release|Any CPU
		{EDB59E7E-03AF-4AE9-8BD6-80ADAFEC12AB}.Release|Any CPU.Build.0 = Release|Any CPU
		{D598A9FD-BA5F-43F5-9A32-FD0590958261}.Debug|Any CPU.ActiveCfg = Debug|Any CPU
		{D598A9FD-BA5F-43F5-9A32-FD0590958261}.Debug|Any CPU.Build.0 = Debug|Any CPU
		{D598A9FD-BA5F-43F5-9A32-FD0590958261}.Release|Any CPU.ActiveCfg = Release|Any CPU
		{D598A9FD-BA5F-43F5-9A32-FD0590958261}.Release|Any CPU.Build.0 = Release|Any CPU
		{4AD87DC2-67BB-4A48-9F90-DB6A0786E930}.Debug|Any CPU.ActiveCfg = Debug|Any CPU
		{4AD87DC2-67BB-4A48-9F90-DB6A0786E930}.Debug|Any CPU.Build.0 = Debug|Any CPU
		{4AD87DC2-67BB-4A48-9F90-DB6A0786E930}.Release|Any CPU.ActiveCfg = Release|Any CPU
		{4AD87DC2-67BB-4A48-9F90-DB6A0786E930}.Release|Any CPU.Build.0 = Release|Any CPU
		{09719042-BF47-4D57-8C66-59EA1DD23847}.Debug|Any CPU.ActiveCfg = Debug|Any CPU
		{09719042-BF47-4D57-8C66-59EA1DD23847}.Debug|Any CPU.Build.0 = Debug|Any CPU
		{09719042-BF47-4D57-8C66-59EA1DD23847}.Release|Any CPU.ActiveCfg = Release|Any CPU
		{09719042-BF47-4D57-8C66-59EA1DD23847}.Release|Any CPU.Build.0 = Release|Any CPU
		{82D4DD0B-0D91-4957-B7C3-5C522C2E807D}.Debug|Any CPU.ActiveCfg = Debug|Any CPU
		{82D4DD0B-0D91-4957-B7C3-5C522C2E807D}.Debug|Any CPU.Build.0 = Debug|Any CPU
		{82D4DD0B-0D91-4957-B7C3-5C522C2E807D}.Release|Any CPU.ActiveCfg = Release|Any CPU
		{82D4DD0B-0D91-4957-B7C3-5C522C2E807D}.Release|Any CPU.Build.0 = Release|Any CPU
		{09539008-EA96-4682-BF01-88ABCA31C520}.Debug|Any CPU.ActiveCfg = Debug|Any CPU
		{09539008-EA96-4682-BF01-88ABCA31C520}.Debug|Any CPU.Build.0 = Debug|Any CPU
		{09539008-EA96-4682-BF01-88ABCA31C520}.Release|Any CPU.ActiveCfg = Release|Any CPU
		{09539008-EA96-4682-BF01-88ABCA31C520}.Release|Any CPU.Build.0 = Release|Any CPU
		{2A7C4334-211F-45E0-9809-0CC004EDC4ED}.Debug|Any CPU.ActiveCfg = Debug|Any CPU
		{2A7C4334-211F-45E0-9809-0CC004EDC4ED}.Debug|Any CPU.Build.0 = Debug|Any CPU
		{2A7C4334-211F-45E0-9809-0CC004EDC4ED}.Release|Any CPU.ActiveCfg = Release|Any CPU
		{2A7C4334-211F-45E0-9809-0CC004EDC4ED}.Release|Any CPU.Build.0 = Release|Any CPU
		{819EFCF8-910B-4B4F-A3C7-535D40817138}.Debug|Any CPU.ActiveCfg = Debug|Any CPU
		{819EFCF8-910B-4B4F-A3C7-535D40817138}.Debug|Any CPU.Build.0 = Debug|Any CPU
		{819EFCF8-910B-4B4F-A3C7-535D40817138}.Release|Any CPU.ActiveCfg = Release|Any CPU
		{819EFCF8-910B-4B4F-A3C7-535D40817138}.Release|Any CPU.Build.0 = Release|Any CPU
		{9285595A-8406-4621-91ED-C64BAC360F3E}.Debug|Any CPU.ActiveCfg = Debug|Any CPU
		{9285595A-8406-4621-91ED-C64BAC360F3E}.Debug|Any CPU.Build.0 = Debug|Any CPU
		{9285595A-8406-4621-91ED-C64BAC360F3E}.Release|Any CPU.ActiveCfg = Release|Any CPU
		{9285595A-8406-4621-91ED-C64BAC360F3E}.Release|Any CPU.Build.0 = Release|Any CPU
		{F18771CC-A6A9-4B3B-BB91-9172A0671BCB}.Debug|Any CPU.ActiveCfg = Debug|Any CPU
		{F18771CC-A6A9-4B3B-BB91-9172A0671BCB}.Debug|Any CPU.Build.0 = Debug|Any CPU
		{F18771CC-A6A9-4B3B-BB91-9172A0671BCB}.Release|Any CPU.ActiveCfg = Release|Any CPU
		{F18771CC-A6A9-4B3B-BB91-9172A0671BCB}.Release|Any CPU.Build.0 = Release|Any CPU
		{A781CCD8-A4F3-4897-9569-C505467071E9}.Debug|Any CPU.ActiveCfg = Debug|Any CPU
		{A781CCD8-A4F3-4897-9569-C505467071E9}.Debug|Any CPU.Build.0 = Debug|Any CPU
		{A781CCD8-A4F3-4897-9569-C505467071E9}.Release|Any CPU.ActiveCfg = Release|Any CPU
		{A781CCD8-A4F3-4897-9569-C505467071E9}.Release|Any CPU.Build.0 = Release|Any CPU
		{B433F3FC-ECC4-428C-A545-E38CDB63D1E9}.Debug|Any CPU.ActiveCfg = Debug|Any CPU
		{B433F3FC-ECC4-428C-A545-E38CDB63D1E9}.Debug|Any CPU.Build.0 = Debug|Any CPU
		{B433F3FC-ECC4-428C-A545-E38CDB63D1E9}.Release|Any CPU.ActiveCfg = Release|Any CPU
		{B433F3FC-ECC4-428C-A545-E38CDB63D1E9}.Release|Any CPU.Build.0 = Release|Any CPU
		{B6FE5888-4C3C-4B66-9A10-9D3B4D6DC08C}.Debug|Any CPU.ActiveCfg = Debug|Any CPU
		{B6FE5888-4C3C-4B66-9A10-9D3B4D6DC08C}.Debug|Any CPU.Build.0 = Debug|Any CPU
		{B6FE5888-4C3C-4B66-9A10-9D3B4D6DC08C}.Release|Any CPU.ActiveCfg = Release|Any CPU
		{B6FE5888-4C3C-4B66-9A10-9D3B4D6DC08C}.Release|Any CPU.Build.0 = Release|Any CPU
		{D5282AA2-3B66-4F5A-8DA7-EF604BD652CE}.Debug|Any CPU.ActiveCfg = Debug|Any CPU
		{D5282AA2-3B66-4F5A-8DA7-EF604BD652CE}.Debug|Any CPU.Build.0 = Debug|Any CPU
		{D5282AA2-3B66-4F5A-8DA7-EF604BD652CE}.Release|Any CPU.ActiveCfg = Release|Any CPU
		{D5282AA2-3B66-4F5A-8DA7-EF604BD652CE}.Release|Any CPU.Build.0 = Release|Any CPU
		{B974866D-1E3F-4DD5-A2D0-E1BBC2167F2B}.Debug|Any CPU.ActiveCfg = Debug|Any CPU
		{B974866D-1E3F-4DD5-A2D0-E1BBC2167F2B}.Debug|Any CPU.Build.0 = Debug|Any CPU
		{B974866D-1E3F-4DD5-A2D0-E1BBC2167F2B}.Release|Any CPU.ActiveCfg = Release|Any CPU
		{B974866D-1E3F-4DD5-A2D0-E1BBC2167F2B}.Release|Any CPU.Build.0 = Release|Any CPU
		{8481B809-5783-4107-8ED7-DF144BC5BA0C}.Debug|Any CPU.ActiveCfg = Debug|Any CPU
		{8481B809-5783-4107-8ED7-DF144BC5BA0C}.Debug|Any CPU.Build.0 = Debug|Any CPU
		{8481B809-5783-4107-8ED7-DF144BC5BA0C}.Release|Any CPU.ActiveCfg = Release|Any CPU
		{8481B809-5783-4107-8ED7-DF144BC5BA0C}.Release|Any CPU.Build.0 = Release|Any CPU
		{B85E7174-98D1-409A-822D-E73F7B186A32}.Debug|Any CPU.ActiveCfg = Debug|Any CPU
		{B85E7174-98D1-409A-822D-E73F7B186A32}.Debug|Any CPU.Build.0 = Debug|Any CPU
		{B85E7174-98D1-409A-822D-E73F7B186A32}.Release|Any CPU.ActiveCfg = Release|Any CPU
		{B85E7174-98D1-409A-822D-E73F7B186A32}.Release|Any CPU.Build.0 = Release|Any CPU
		{B7773A61-080E-4D9C-ABBA-B5E4B067993B}.Debug|Any CPU.ActiveCfg = Debug|Any CPU
		{B7773A61-080E-4D9C-ABBA-B5E4B067993B}.Debug|Any CPU.Build.0 = Debug|Any CPU
		{B7773A61-080E-4D9C-ABBA-B5E4B067993B}.Release|Any CPU.ActiveCfg = Release|Any CPU
		{B7773A61-080E-4D9C-ABBA-B5E4B067993B}.Release|Any CPU.Build.0 = Release|Any CPU
		{81B05401-163E-4DE4-BFC9-47CD23E10D21}.Debug|Any CPU.ActiveCfg = Debug|Any CPU
		{81B05401-163E-4DE4-BFC9-47CD23E10D21}.Debug|Any CPU.Build.0 = Debug|Any CPU
		{81B05401-163E-4DE4-BFC9-47CD23E10D21}.Release|Any CPU.ActiveCfg = Release|Any CPU
		{81B05401-163E-4DE4-BFC9-47CD23E10D21}.Release|Any CPU.Build.0 = Release|Any CPU
		{DD5EF0D4-63A6-4DE6-B936-E69A8D794053}.Debug|Any CPU.ActiveCfg = Debug|Any CPU
		{DD5EF0D4-63A6-4DE6-B936-E69A8D794053}.Debug|Any CPU.Build.0 = Debug|Any CPU
		{DD5EF0D4-63A6-4DE6-B936-E69A8D794053}.Release|Any CPU.ActiveCfg = Release|Any CPU
		{DD5EF0D4-63A6-4DE6-B936-E69A8D794053}.Release|Any CPU.Build.0 = Release|Any CPU
		{6259393B-A813-4D99-919B-DDA3E8F23E52}.Debug|Any CPU.ActiveCfg = Debug|Any CPU
		{6259393B-A813-4D99-919B-DDA3E8F23E52}.Debug|Any CPU.Build.0 = Debug|Any CPU
		{6259393B-A813-4D99-919B-DDA3E8F23E52}.Release|Any CPU.ActiveCfg = Release|Any CPU
		{6259393B-A813-4D99-919B-DDA3E8F23E52}.Release|Any CPU.Build.0 = Release|Any CPU
		{8567E849-01B4-4865-832A-2052AADE70DB}.Debug|Any CPU.ActiveCfg = Debug|Any CPU
		{8567E849-01B4-4865-832A-2052AADE70DB}.Debug|Any CPU.Build.0 = Debug|Any CPU
		{8567E849-01B4-4865-832A-2052AADE70DB}.Release|Any CPU.ActiveCfg = Release|Any CPU
		{8567E849-01B4-4865-832A-2052AADE70DB}.Release|Any CPU.Build.0 = Release|Any CPU
		{7626482B-0FC5-4574-804F-FDE7F069D52D}.Debug|Any CPU.ActiveCfg = Debug|Any CPU
		{7626482B-0FC5-4574-804F-FDE7F069D52D}.Debug|Any CPU.Build.0 = Debug|Any CPU
		{7626482B-0FC5-4574-804F-FDE7F069D52D}.Release|Any CPU.ActiveCfg = Release|Any CPU
		{7626482B-0FC5-4574-804F-FDE7F069D52D}.Release|Any CPU.Build.0 = Release|Any CPU
		{68AD14B9-3529-424C-B5C6-70A5426D6042}.Debug|Any CPU.ActiveCfg = Debug|Any CPU
		{68AD14B9-3529-424C-B5C6-70A5426D6042}.Debug|Any CPU.Build.0 = Debug|Any CPU
		{68AD14B9-3529-424C-B5C6-70A5426D6042}.Release|Any CPU.ActiveCfg = Release|Any CPU
		{68AD14B9-3529-424C-B5C6-70A5426D6042}.Release|Any CPU.Build.0 = Release|Any CPU
		{AC10E5C1-6F2B-49CA-B284-6043045781EF}.Debug|Any CPU.ActiveCfg = Debug|Any CPU
		{AC10E5C1-6F2B-49CA-B284-6043045781EF}.Debug|Any CPU.Build.0 = Debug|Any CPU
		{AC10E5C1-6F2B-49CA-B284-6043045781EF}.Release|Any CPU.ActiveCfg = Release|Any CPU
		{AC10E5C1-6F2B-49CA-B284-6043045781EF}.Release|Any CPU.Build.0 = Release|Any CPU
		{6061E9B3-ACEF-4568-B8CE-D3D88C36E5B2}.Debug|Any CPU.ActiveCfg = Debug|Any CPU
		{6061E9B3-ACEF-4568-B8CE-D3D88C36E5B2}.Debug|Any CPU.Build.0 = Debug|Any CPU
		{6061E9B3-ACEF-4568-B8CE-D3D88C36E5B2}.Release|Any CPU.ActiveCfg = Release|Any CPU
		{6061E9B3-ACEF-4568-B8CE-D3D88C36E5B2}.Release|Any CPU.Build.0 = Release|Any CPU
		{00B71FEE-070D-4148-A492-B9AC69DA84D7}.Debug|Any CPU.ActiveCfg = Debug|Any CPU
		{00B71FEE-070D-4148-A492-B9AC69DA84D7}.Debug|Any CPU.Build.0 = Debug|Any CPU
		{00B71FEE-070D-4148-A492-B9AC69DA84D7}.Release|Any CPU.ActiveCfg = Release|Any CPU
		{00B71FEE-070D-4148-A492-B9AC69DA84D7}.Release|Any CPU.Build.0 = Release|Any CPU
		{CCC4B06A-A572-4939-8403-C579697824A9}.Debug|Any CPU.ActiveCfg = Debug|Any CPU
		{CCC4B06A-A572-4939-8403-C579697824A9}.Debug|Any CPU.Build.0 = Debug|Any CPU
		{CCC4B06A-A572-4939-8403-C579697824A9}.Release|Any CPU.ActiveCfg = Release|Any CPU
		{CCC4B06A-A572-4939-8403-C579697824A9}.Release|Any CPU.Build.0 = Release|Any CPU
		{A09EA7DE-8942-41B6-9E1A-A33BDD796927}.Debug|Any CPU.ActiveCfg = Debug|Any CPU
		{A09EA7DE-8942-41B6-9E1A-A33BDD796927}.Debug|Any CPU.Build.0 = Debug|Any CPU
		{A09EA7DE-8942-41B6-9E1A-A33BDD796927}.Release|Any CPU.ActiveCfg = Release|Any CPU
		{A09EA7DE-8942-41B6-9E1A-A33BDD796927}.Release|Any CPU.Build.0 = Release|Any CPU
		{0A5EE9FE-FE6C-496D-843C-9310412C9484}.Debug|Any CPU.ActiveCfg = Debug|Any CPU
		{0A5EE9FE-FE6C-496D-843C-9310412C9484}.Debug|Any CPU.Build.0 = Debug|Any CPU
		{0A5EE9FE-FE6C-496D-843C-9310412C9484}.Release|Any CPU.ActiveCfg = Release|Any CPU
		{0A5EE9FE-FE6C-496D-843C-9310412C9484}.Release|Any CPU.Build.0 = Release|Any CPU
		{D75DFEA5-9B5E-4B07-8668-E6AC826CD1DC}.Debug|Any CPU.ActiveCfg = Debug|Any CPU
		{D75DFEA5-9B5E-4B07-8668-E6AC826CD1DC}.Debug|Any CPU.Build.0 = Debug|Any CPU
		{D75DFEA5-9B5E-4B07-8668-E6AC826CD1DC}.Release|Any CPU.ActiveCfg = Release|Any CPU
		{D75DFEA5-9B5E-4B07-8668-E6AC826CD1DC}.Release|Any CPU.Build.0 = Release|Any CPU
		{47ECF5E9-0A10-442E-A2BA-478E6AC8074A}.Debug|Any CPU.ActiveCfg = Debug|Any CPU
		{47ECF5E9-0A10-442E-A2BA-478E6AC8074A}.Debug|Any CPU.Build.0 = Debug|Any CPU
		{47ECF5E9-0A10-442E-A2BA-478E6AC8074A}.Release|Any CPU.ActiveCfg = Release|Any CPU
		{47ECF5E9-0A10-442E-A2BA-478E6AC8074A}.Release|Any CPU.Build.0 = Release|Any CPU
		{EECE0D42-E4EE-4B24-8B75-67B98BBA4929}.Debug|Any CPU.ActiveCfg = Debug|Any CPU
		{EECE0D42-E4EE-4B24-8B75-67B98BBA4929}.Debug|Any CPU.Build.0 = Debug|Any CPU
		{EECE0D42-E4EE-4B24-8B75-67B98BBA4929}.Release|Any CPU.ActiveCfg = Release|Any CPU
		{EECE0D42-E4EE-4B24-8B75-67B98BBA4929}.Release|Any CPU.Build.0 = Release|Any CPU
		{4AE5D0AD-1EBA-42E7-86A0-37ECA7A8974A}.Debug|Any CPU.ActiveCfg = Debug|Any CPU
		{4AE5D0AD-1EBA-42E7-86A0-37ECA7A8974A}.Debug|Any CPU.Build.0 = Debug|Any CPU
		{4AE5D0AD-1EBA-42E7-86A0-37ECA7A8974A}.Release|Any CPU.ActiveCfg = Release|Any CPU
		{4AE5D0AD-1EBA-42E7-86A0-37ECA7A8974A}.Release|Any CPU.Build.0 = Release|Any CPU
		{1CA348B7-D9BD-4DAF-92D3-461AE2872CC7}.Debug|Any CPU.ActiveCfg = Debug|Any CPU
		{1CA348B7-D9BD-4DAF-92D3-461AE2872CC7}.Debug|Any CPU.Build.0 = Debug|Any CPU
		{1CA348B7-D9BD-4DAF-92D3-461AE2872CC7}.Release|Any CPU.ActiveCfg = Release|Any CPU
		{1CA348B7-D9BD-4DAF-92D3-461AE2872CC7}.Release|Any CPU.Build.0 = Release|Any CPU
		{E5D5A134-9DB2-437F-8740-14AA1DA1E1E3}.Debug|Any CPU.ActiveCfg = Debug|Any CPU
		{E5D5A134-9DB2-437F-8740-14AA1DA1E1E3}.Debug|Any CPU.Build.0 = Debug|Any CPU
		{E5D5A134-9DB2-437F-8740-14AA1DA1E1E3}.Release|Any CPU.ActiveCfg = Release|Any CPU
		{E5D5A134-9DB2-437F-8740-14AA1DA1E1E3}.Release|Any CPU.Build.0 = Release|Any CPU
		{39D5DA92-30D0-4585-B86E-A1E1BA873F5E}.Debug|Any CPU.ActiveCfg = Debug|Any CPU
		{39D5DA92-30D0-4585-B86E-A1E1BA873F5E}.Debug|Any CPU.Build.0 = Debug|Any CPU
		{39D5DA92-30D0-4585-B86E-A1E1BA873F5E}.Release|Any CPU.ActiveCfg = Release|Any CPU
		{39D5DA92-30D0-4585-B86E-A1E1BA873F5E}.Release|Any CPU.Build.0 = Release|Any CPU
		{EBF0BD5C-94AC-4C5E-A048-5252141A7C0D}.Debug|Any CPU.ActiveCfg = Debug|Any CPU
		{EBF0BD5C-94AC-4C5E-A048-5252141A7C0D}.Debug|Any CPU.Build.0 = Debug|Any CPU
		{EBF0BD5C-94AC-4C5E-A048-5252141A7C0D}.Release|Any CPU.ActiveCfg = Release|Any CPU
		{EBF0BD5C-94AC-4C5E-A048-5252141A7C0D}.Release|Any CPU.Build.0 = Release|Any CPU
		{1745B1EF-D527-454B-B8E8-2F30133553AD}.Debug|Any CPU.ActiveCfg = Debug|Any CPU
		{1745B1EF-D527-454B-B8E8-2F30133553AD}.Debug|Any CPU.Build.0 = Debug|Any CPU
		{1745B1EF-D527-454B-B8E8-2F30133553AD}.Release|Any CPU.ActiveCfg = Release|Any CPU
		{1745B1EF-D527-454B-B8E8-2F30133553AD}.Release|Any CPU.Build.0 = Release|Any CPU
		{B51907F4-3E75-4C0C-8B2B-5C258AE8352C}.Debug|Any CPU.ActiveCfg = Debug|Any CPU
		{B51907F4-3E75-4C0C-8B2B-5C258AE8352C}.Debug|Any CPU.Build.0 = Debug|Any CPU
		{B51907F4-3E75-4C0C-8B2B-5C258AE8352C}.Release|Any CPU.ActiveCfg = Release|Any CPU
		{B51907F4-3E75-4C0C-8B2B-5C258AE8352C}.Release|Any CPU.Build.0 = Release|Any CPU
		{B575B9B5-1A9D-412C-BDB1-F283FD53DA3D}.Debug|Any CPU.ActiveCfg = Debug|Any CPU
		{B575B9B5-1A9D-412C-BDB1-F283FD53DA3D}.Debug|Any CPU.Build.0 = Debug|Any CPU
		{B575B9B5-1A9D-412C-BDB1-F283FD53DA3D}.Release|Any CPU.ActiveCfg = Release|Any CPU
		{B575B9B5-1A9D-412C-BDB1-F283FD53DA3D}.Release|Any CPU.Build.0 = Release|Any CPU
		{BD444EDA-361A-4CC5-945F-137E612AF714}.Debug|Any CPU.ActiveCfg = Debug|Any CPU
		{BD444EDA-361A-4CC5-945F-137E612AF714}.Debug|Any CPU.Build.0 = Debug|Any CPU
		{BD444EDA-361A-4CC5-945F-137E612AF714}.Release|Any CPU.ActiveCfg = Release|Any CPU
		{BD444EDA-361A-4CC5-945F-137E612AF714}.Release|Any CPU.Build.0 = Release|Any CPU
		{6AC26A1D-22B2-446F-8CA4-6AC398331AB8}.Debug|Any CPU.ActiveCfg = Debug|Any CPU
		{6AC26A1D-22B2-446F-8CA4-6AC398331AB8}.Debug|Any CPU.Build.0 = Debug|Any CPU
		{6AC26A1D-22B2-446F-8CA4-6AC398331AB8}.Release|Any CPU.ActiveCfg = Release|Any CPU
		{6AC26A1D-22B2-446F-8CA4-6AC398331AB8}.Release|Any CPU.Build.0 = Release|Any CPU
		{407882A7-60F0-4540-A4CB-BA31C3A5798F}.Debug|Any CPU.ActiveCfg = Debug|Any CPU
		{407882A7-60F0-4540-A4CB-BA31C3A5798F}.Debug|Any CPU.Build.0 = Debug|Any CPU
		{407882A7-60F0-4540-A4CB-BA31C3A5798F}.Release|Any CPU.ActiveCfg = Release|Any CPU
		{407882A7-60F0-4540-A4CB-BA31C3A5798F}.Release|Any CPU.Build.0 = Release|Any CPU
		{7662EAC3-9489-4E91-98B9-5A400B1B80A3}.Debug|Any CPU.ActiveCfg = Debug|Any CPU
		{7662EAC3-9489-4E91-98B9-5A400B1B80A3}.Debug|Any CPU.Build.0 = Debug|Any CPU
		{7662EAC3-9489-4E91-98B9-5A400B1B80A3}.Release|Any CPU.ActiveCfg = Release|Any CPU
		{7662EAC3-9489-4E91-98B9-5A400B1B80A3}.Release|Any CPU.Build.0 = Release|Any CPU
		{3CE57262-BE98-4CE1-B56F-677B89CE9C8A}.Debug|Any CPU.ActiveCfg = Debug|Any CPU
		{3CE57262-BE98-4CE1-B56F-677B89CE9C8A}.Debug|Any CPU.Build.0 = Debug|Any CPU
		{3CE57262-BE98-4CE1-B56F-677B89CE9C8A}.Release|Any CPU.ActiveCfg = Release|Any CPU
		{3CE57262-BE98-4CE1-B56F-677B89CE9C8A}.Release|Any CPU.Build.0 = Release|Any CPU
		{47B37F58-2982-4B31-90FD-D97F7C6BF651}.Debug|Any CPU.ActiveCfg = Debug|Any CPU
		{47B37F58-2982-4B31-90FD-D97F7C6BF651}.Debug|Any CPU.Build.0 = Debug|Any CPU
		{47B37F58-2982-4B31-90FD-D97F7C6BF651}.Release|Any CPU.ActiveCfg = Release|Any CPU
		{47B37F58-2982-4B31-90FD-D97F7C6BF651}.Release|Any CPU.Build.0 = Release|Any CPU
		{384545CD-9D98-46FA-AE8D-9E530EE4B5EF}.Debug|Any CPU.ActiveCfg = Debug|Any CPU
		{384545CD-9D98-46FA-AE8D-9E530EE4B5EF}.Debug|Any CPU.Build.0 = Debug|Any CPU
		{384545CD-9D98-46FA-AE8D-9E530EE4B5EF}.Release|Any CPU.ActiveCfg = Release|Any CPU
		{384545CD-9D98-46FA-AE8D-9E530EE4B5EF}.Release|Any CPU.Build.0 = Release|Any CPU
		{A7EBB364-194E-4976-A9C9-7D135B4AB472}.Debug|Any CPU.ActiveCfg = Debug|Any CPU
		{A7EBB364-194E-4976-A9C9-7D135B4AB472}.Debug|Any CPU.Build.0 = Debug|Any CPU
		{A7EBB364-194E-4976-A9C9-7D135B4AB472}.Release|Any CPU.ActiveCfg = Release|Any CPU
		{A7EBB364-194E-4976-A9C9-7D135B4AB472}.Release|Any CPU.Build.0 = Release|Any CPU
		{3C91A8E8-9F36-4008-BF4C-CCB584EF8983}.Debug|Any CPU.ActiveCfg = Debug|Any CPU
		{3C91A8E8-9F36-4008-BF4C-CCB584EF8983}.Debug|Any CPU.Build.0 = Debug|Any CPU
		{3C91A8E8-9F36-4008-BF4C-CCB584EF8983}.Release|Any CPU.ActiveCfg = Release|Any CPU
		{3C91A8E8-9F36-4008-BF4C-CCB584EF8983}.Release|Any CPU.Build.0 = Release|Any CPU
		{89155165-6593-421F-A495-720E2A4AB430}.Debug|Any CPU.ActiveCfg = Debug|Any CPU
		{89155165-6593-421F-A495-720E2A4AB430}.Debug|Any CPU.Build.0 = Debug|Any CPU
		{89155165-6593-421F-A495-720E2A4AB430}.Release|Any CPU.ActiveCfg = Release|Any CPU
		{89155165-6593-421F-A495-720E2A4AB430}.Release|Any CPU.Build.0 = Release|Any CPU
		{78D0CBB4-3B5E-4B74-A592-F6A6D21AB367}.Debug|Any CPU.ActiveCfg = Debug|Any CPU
		{78D0CBB4-3B5E-4B74-A592-F6A6D21AB367}.Debug|Any CPU.Build.0 = Debug|Any CPU
		{78D0CBB4-3B5E-4B74-A592-F6A6D21AB367}.Release|Any CPU.ActiveCfg = Release|Any CPU
		{78D0CBB4-3B5E-4B74-A592-F6A6D21AB367}.Release|Any CPU.Build.0 = Release|Any CPU
		{8F22EF80-98E2-4B2D-A649-6A93AE2F241B}.Debug|Any CPU.ActiveCfg = Debug|Any CPU
		{8F22EF80-98E2-4B2D-A649-6A93AE2F241B}.Debug|Any CPU.Build.0 = Debug|Any CPU
		{8F22EF80-98E2-4B2D-A649-6A93AE2F241B}.Release|Any CPU.ActiveCfg = Release|Any CPU
		{8F22EF80-98E2-4B2D-A649-6A93AE2F241B}.Release|Any CPU.Build.0 = Release|Any CPU
		{A1D6A097-86C9-4145-9D34-95945D166A93}.Debug|Any CPU.ActiveCfg = Debug|Any CPU
		{A1D6A097-86C9-4145-9D34-95945D166A93}.Debug|Any CPU.Build.0 = Debug|Any CPU
		{A1D6A097-86C9-4145-9D34-95945D166A93}.Release|Any CPU.ActiveCfg = Release|Any CPU
		{A1D6A097-86C9-4145-9D34-95945D166A93}.Release|Any CPU.Build.0 = Release|Any CPU
		{3E3C10C8-80C7-44CE-9CDE-EE631D6F71B7}.Debug|Any CPU.ActiveCfg = Debug|Any CPU
		{3E3C10C8-80C7-44CE-9CDE-EE631D6F71B7}.Debug|Any CPU.Build.0 = Debug|Any CPU
		{3E3C10C8-80C7-44CE-9CDE-EE631D6F71B7}.Release|Any CPU.ActiveCfg = Release|Any CPU
		{3E3C10C8-80C7-44CE-9CDE-EE631D6F71B7}.Release|Any CPU.Build.0 = Release|Any CPU
		{F845C368-42BE-4750-88C6-54CACDBBE8D8}.Debug|Any CPU.ActiveCfg = Debug|Any CPU
		{F845C368-42BE-4750-88C6-54CACDBBE8D8}.Debug|Any CPU.Build.0 = Debug|Any CPU
		{F845C368-42BE-4750-88C6-54CACDBBE8D8}.Release|Any CPU.ActiveCfg = Release|Any CPU
		{F845C368-42BE-4750-88C6-54CACDBBE8D8}.Release|Any CPU.Build.0 = Release|Any CPU
		{ADB8C89C-EE92-455B-A6C3-CAADF0781932}.Debug|Any CPU.ActiveCfg = Debug|Any CPU
		{ADB8C89C-EE92-455B-A6C3-CAADF0781932}.Debug|Any CPU.Build.0 = Debug|Any CPU
		{ADB8C89C-EE92-455B-A6C3-CAADF0781932}.Release|Any CPU.ActiveCfg = Release|Any CPU
		{ADB8C89C-EE92-455B-A6C3-CAADF0781932}.Release|Any CPU.Build.0 = Release|Any CPU
		{F401D3DB-4B4C-43B3-BC6B-75CD54AD3BA0}.Debug|Any CPU.ActiveCfg = Debug|Any CPU
		{F401D3DB-4B4C-43B3-BC6B-75CD54AD3BA0}.Debug|Any CPU.Build.0 = Debug|Any CPU
		{F401D3DB-4B4C-43B3-BC6B-75CD54AD3BA0}.Release|Any CPU.ActiveCfg = Release|Any CPU
		{F401D3DB-4B4C-43B3-BC6B-75CD54AD3BA0}.Release|Any CPU.Build.0 = Release|Any CPU
		{CF268D8E-A11C-4AB4-AAE5-8205FEAA964B}.Debug|Any CPU.ActiveCfg = Debug|Any CPU
		{CF268D8E-A11C-4AB4-AAE5-8205FEAA964B}.Debug|Any CPU.Build.0 = Debug|Any CPU
		{CF268D8E-A11C-4AB4-AAE5-8205FEAA964B}.Release|Any CPU.ActiveCfg = Release|Any CPU
		{CF268D8E-A11C-4AB4-AAE5-8205FEAA964B}.Release|Any CPU.Build.0 = Release|Any CPU
		{DD4359A9-8931-4689-BC74-AA764E7395AC}.Debug|Any CPU.ActiveCfg = Debug|Any CPU
		{DD4359A9-8931-4689-BC74-AA764E7395AC}.Debug|Any CPU.Build.0 = Debug|Any CPU
		{DD4359A9-8931-4689-BC74-AA764E7395AC}.Release|Any CPU.ActiveCfg = Release|Any CPU
		{DD4359A9-8931-4689-BC74-AA764E7395AC}.Release|Any CPU.Build.0 = Release|Any CPU
		{DAD0AE37-C3B5-4B6E-9EA6-152BCD264394}.Debug|Any CPU.ActiveCfg = Debug|Any CPU
		{DAD0AE37-C3B5-4B6E-9EA6-152BCD264394}.Debug|Any CPU.Build.0 = Debug|Any CPU
		{DAD0AE37-C3B5-4B6E-9EA6-152BCD264394}.Release|Any CPU.ActiveCfg = Release|Any CPU
		{DAD0AE37-C3B5-4B6E-9EA6-152BCD264394}.Release|Any CPU.Build.0 = Release|Any CPU
		{AF5FC4C0-CB9B-4DA5-89FA-B77E8C588347}.Debug|Any CPU.ActiveCfg = Debug|Any CPU
		{AF5FC4C0-CB9B-4DA5-89FA-B77E8C588347}.Debug|Any CPU.Build.0 = Debug|Any CPU
		{AF5FC4C0-CB9B-4DA5-89FA-B77E8C588347}.Release|Any CPU.ActiveCfg = Release|Any CPU
		{AF5FC4C0-CB9B-4DA5-89FA-B77E8C588347}.Release|Any CPU.Build.0 = Release|Any CPU
		{C1DAC081-9084-4F19-AC70-F7EAAF4BECF6}.Debug|Any CPU.ActiveCfg = Debug|Any CPU
		{C1DAC081-9084-4F19-AC70-F7EAAF4BECF6}.Debug|Any CPU.Build.0 = Debug|Any CPU
		{C1DAC081-9084-4F19-AC70-F7EAAF4BECF6}.Release|Any CPU.ActiveCfg = Release|Any CPU
		{C1DAC081-9084-4F19-AC70-F7EAAF4BECF6}.Release|Any CPU.Build.0 = Release|Any CPU
		{F1760E90-D855-4D9B-9847-EFA715A2262B}.Debug|Any CPU.ActiveCfg = Debug|Any CPU
		{F1760E90-D855-4D9B-9847-EFA715A2262B}.Debug|Any CPU.Build.0 = Debug|Any CPU
		{F1760E90-D855-4D9B-9847-EFA715A2262B}.Release|Any CPU.ActiveCfg = Release|Any CPU
		{F1760E90-D855-4D9B-9847-EFA715A2262B}.Release|Any CPU.Build.0 = Release|Any CPU
		{374EDBC0-0077-4B5D-A153-D4825596C75C}.Debug|Any CPU.ActiveCfg = Debug|Any CPU
		{374EDBC0-0077-4B5D-A153-D4825596C75C}.Debug|Any CPU.Build.0 = Debug|Any CPU
		{374EDBC0-0077-4B5D-A153-D4825596C75C}.Release|Any CPU.ActiveCfg = Release|Any CPU
		{374EDBC0-0077-4B5D-A153-D4825596C75C}.Release|Any CPU.Build.0 = Release|Any CPU
		{F7A27931-2C7B-4B33-8AA1-91A9C6033C11}.Debug|Any CPU.ActiveCfg = Debug|Any CPU
		{F7A27931-2C7B-4B33-8AA1-91A9C6033C11}.Debug|Any CPU.Build.0 = Debug|Any CPU
		{F7A27931-2C7B-4B33-8AA1-91A9C6033C11}.Release|Any CPU.ActiveCfg = Release|Any CPU
		{F7A27931-2C7B-4B33-8AA1-91A9C6033C11}.Release|Any CPU.Build.0 = Release|Any CPU
	EndGlobalSection
	GlobalSection(SolutionProperties) = preSolution
		HideSolutionNode = FALSE
	EndGlobalSection
	GlobalSection(ExtensibilityGlobals) = postSolution
		SolutionGuid = {89D82A01-92A4-4950-900A-EB9AFE009339}
	EndGlobalSection
EndGlobal
