
Microsoft Visual Studio Solution File, Format Version 12.00
# Visual Studio Version 17
VisualStudioVersion = 17.9.34622.214
MinimumVisualStudioVersion = 10.0.40219.1
Project("{9A19103F-16F7-4668-BE54-9A1E7A4F7556}") = "DZ_POB2421", "DZ_POB2421\DZ_POB2421.csproj", "{54C8ED05-28B5-4BBA-9B1B-01151D038968}"
EndProject
Project("{9A19103F-16F7-4668-BE54-9A1E7A4F7556}") = "HomeWork-5-1", "HomeWork-5-1\HomeWork-5-1.csproj", "{5B0FCF64-A076-4A3A-A8A2-6683C4720F61}"
EndProject
Project("{9A19103F-16F7-4668-BE54-9A1E7A4F7556}") = "HomeWork-5-2", "HomeWork-5-2\HomeWork-5-2.csproj", "{4A76AC7D-04BF-446D-B5F7-7AF7FE440B6B}"
EndProject
Project("{9A19103F-16F7-4668-BE54-9A1E7A4F7556}") = "HomeWork 6-1", "HomeWork 6-1\HomeWork 6-1.csproj", "{B2FE07BD-CE2E-42D1-B8F4-6E6BA26DCF87}"
EndProject
Project("{9A19103F-16F7-4668-BE54-9A1E7A4F7556}") = "HomeWork 6-2", "HomeWork 6-2\HomeWork 6-2.csproj", "{2215534C-04F8-4A2F-81E5-25C24D7F703C}"
EndProject
Project("{9A19103F-16F7-4668-BE54-9A1E7A4F7556}") = "HomeWork 8-1", "HomeWork 8-1\HomeWork 8-1.csproj", "{C83C6297-5E61-499D-9939-F9FDD435D670}"
EndProject
Project("{9A19103F-16F7-4668-BE54-9A1E7A4F7556}") = "HomeWork 8-2", "HomeWork 8-2\HomeWork 8-2.csproj", "{A1F6C7C2-DB28-4C01-AD4C-DA01551E03CF}"
EndProject
Project("{9A19103F-16F7-4668-BE54-9A1E7A4F7556}") = "Test", "Test\Test.csproj", "{F3707187-9B7C-45DE-8C2B-232EDA8D466A}"
EndProject
Project("{9A19103F-16F7-4668-BE54-9A1E7A4F7556}") = "HomeWork 9-1", "HomeWork 9-1\HomeWork 9-1.csproj", "{542134D6-47FD-4A97-9F57-442753A66C0A}"
EndProject
Project("{9A19103F-16F7-4668-BE54-9A1E7A4F7556}") = "HomeWork 9-2", "HomeWork 9-2\HomeWork 9-2.csproj", "{B07FBBAA-670D-4139-8FF2-9EA04C563FF7}"
EndProject
Project("{9A19103F-16F7-4668-BE54-9A1E7A4F7556}") = "HomeWork10-1", "HomeWork10-1\HomeWork10-1.csproj", "{F70F482C-D650-4DD6-9E22-D6216B7DD16D}"
EndProject
Project("{9A19103F-16F7-4668-BE54-9A1E7A4F7556}") = "HomeWork10-2", "HomeWork10-2\HomeWork10-2.csproj", "{A55C5945-5E29-45CA-A581-60EE0C5E735E}"
EndProject
Project("{FAE04EC0-301F-11D3-BF4B-00C04F79EFBC}") = "Lessons8", "Lessons8\Lessons8.csproj", "{C1880AAA-FF4E-4418-9A35-88321E0CB243}"
EndProject
Global
	GlobalSection(SolutionConfigurationPlatforms) = preSolution
		Debug|Any CPU = Debug|Any CPU
		Release|Any CPU = Release|Any CPU
	EndGlobalSection
	GlobalSection(ProjectConfigurationPlatforms) = postSolution
		{54C8ED05-28B5-4BBA-9B1B-01151D038968}.Debug|Any CPU.ActiveCfg = Debug|Any CPU
		{54C8ED05-28B5-4BBA-9B1B-01151D038968}.Debug|Any CPU.Build.0 = Debug|Any CPU
		{54C8ED05-28B5-4BBA-9B1B-01151D038968}.Release|Any CPU.ActiveCfg = Release|Any CPU
		{54C8ED05-28B5-4BBA-9B1B-01151D038968}.Release|Any CPU.Build.0 = Release|Any CPU
		{5B0FCF64-A076-4A3A-A8A2-6683C4720F61}.Debug|Any CPU.ActiveCfg = Debug|Any CPU
		{5B0FCF64-A076-4A3A-A8A2-6683C4720F61}.Debug|Any CPU.Build.0 = Debug|Any CPU
		{5B0FCF64-A076-4A3A-A8A2-6683C4720F61}.Release|Any CPU.ActiveCfg = Release|Any CPU
		{5B0FCF64-A076-4A3A-A8A2-6683C4720F61}.Release|Any CPU.Build.0 = Release|Any CPU
		{4A76AC7D-04BF-446D-B5F7-7AF7FE440B6B}.Debug|Any CPU.ActiveCfg = Debug|Any CPU
		{4A76AC7D-04BF-446D-B5F7-7AF7FE440B6B}.Debug|Any CPU.Build.0 = Debug|Any CPU
		{4A76AC7D-04BF-446D-B5F7-7AF7FE440B6B}.Release|Any CPU.ActiveCfg = Release|Any CPU
		{4A76AC7D-04BF-446D-B5F7-7AF7FE440B6B}.Release|Any CPU.Build.0 = Release|Any CPU
		{B2FE07BD-CE2E-42D1-B8F4-6E6BA26DCF87}.Debug|Any CPU.ActiveCfg = Debug|Any CPU
		{B2FE07BD-CE2E-42D1-B8F4-6E6BA26DCF87}.Debug|Any CPU.Build.0 = Debug|Any CPU
		{B2FE07BD-CE2E-42D1-B8F4-6E6BA26DCF87}.Release|Any CPU.ActiveCfg = Release|Any CPU
		{B2FE07BD-CE2E-42D1-B8F4-6E6BA26DCF87}.Release|Any CPU.Build.0 = Release|Any CPU
		{2215534C-04F8-4A2F-81E5-25C24D7F703C}.Debug|Any CPU.ActiveCfg = Debug|Any CPU
		{2215534C-04F8-4A2F-81E5-25C24D7F703C}.Debug|Any CPU.Build.0 = Debug|Any CPU
		{2215534C-04F8-4A2F-81E5-25C24D7F703C}.Release|Any CPU.ActiveCfg = Release|Any CPU
		{2215534C-04F8-4A2F-81E5-25C24D7F703C}.Release|Any CPU.Build.0 = Release|Any CPU
		{C83C6297-5E61-499D-9939-F9FDD435D670}.Debug|Any CPU.ActiveCfg = Debug|Any CPU
		{C83C6297-5E61-499D-9939-F9FDD435D670}.Debug|Any CPU.Build.0 = Debug|Any CPU
		{C83C6297-5E61-499D-9939-F9FDD435D670}.Release|Any CPU.ActiveCfg = Release|Any CPU
		{C83C6297-5E61-499D-9939-F9FDD435D670}.Release|Any CPU.Build.0 = Release|Any CPU
		{A1F6C7C2-DB28-4C01-AD4C-DA01551E03CF}.Debug|Any CPU.ActiveCfg = Debug|Any CPU
		{A1F6C7C2-DB28-4C01-AD4C-DA01551E03CF}.Debug|Any CPU.Build.0 = Debug|Any CPU
		{A1F6C7C2-DB28-4C01-AD4C-DA01551E03CF}.Release|Any CPU.ActiveCfg = Release|Any CPU
		{A1F6C7C2-DB28-4C01-AD4C-DA01551E03CF}.Release|Any CPU.Build.0 = Release|Any CPU
		{F3707187-9B7C-45DE-8C2B-232EDA8D466A}.Debug|Any CPU.ActiveCfg = Debug|Any CPU
		{F3707187-9B7C-45DE-8C2B-232EDA8D466A}.Debug|Any CPU.Build.0 = Debug|Any CPU
		{F3707187-9B7C-45DE-8C2B-232EDA8D466A}.Release|Any CPU.ActiveCfg = Release|Any CPU
		{F3707187-9B7C-45DE-8C2B-232EDA8D466A}.Release|Any CPU.Build.0 = Release|Any CPU
		{542134D6-47FD-4A97-9F57-442753A66C0A}.Debug|Any CPU.ActiveCfg = Debug|Any CPU
		{542134D6-47FD-4A97-9F57-442753A66C0A}.Debug|Any CPU.Build.0 = Debug|Any CPU
		{542134D6-47FD-4A97-9F57-442753A66C0A}.Release|Any CPU.ActiveCfg = Release|Any CPU
		{542134D6-47FD-4A97-9F57-442753A66C0A}.Release|Any CPU.Build.0 = Release|Any CPU
		{B07FBBAA-670D-4139-8FF2-9EA04C563FF7}.Debug|Any CPU.ActiveCfg = Debug|Any CPU
		{B07FBBAA-670D-4139-8FF2-9EA04C563FF7}.Debug|Any CPU.Build.0 = Debug|Any CPU
		{B07FBBAA-670D-4139-8FF2-9EA04C563FF7}.Release|Any CPU.ActiveCfg = Release|Any CPU
		{B07FBBAA-670D-4139-8FF2-9EA04C563FF7}.Release|Any CPU.Build.0 = Release|Any CPU
		{F70F482C-D650-4DD6-9E22-D6216B7DD16D}.Debug|Any CPU.ActiveCfg = Debug|Any CPU
		{F70F482C-D650-4DD6-9E22-D6216B7DD16D}.Debug|Any CPU.Build.0 = Debug|Any CPU
		{F70F482C-D650-4DD6-9E22-D6216B7DD16D}.Release|Any CPU.ActiveCfg = Release|Any CPU
		{F70F482C-D650-4DD6-9E22-D6216B7DD16D}.Release|Any CPU.Build.0 = Release|Any CPU
		{A55C5945-5E29-45CA-A581-60EE0C5E735E}.Debug|Any CPU.ActiveCfg = Debug|Any CPU
		{A55C5945-5E29-45CA-A581-60EE0C5E735E}.Debug|Any CPU.Build.0 = Debug|Any CPU
		{A55C5945-5E29-45CA-A581-60EE0C5E735E}.Release|Any CPU.ActiveCfg = Release|Any CPU
		{A55C5945-5E29-45CA-A581-60EE0C5E735E}.Release|Any CPU.Build.0 = Release|Any CPU
		{C1880AAA-FF4E-4418-9A35-88321E0CB243}.Debug|Any CPU.ActiveCfg = Debug|Any CPU
		{C1880AAA-FF4E-4418-9A35-88321E0CB243}.Debug|Any CPU.Build.0 = Debug|Any CPU
		{C1880AAA-FF4E-4418-9A35-88321E0CB243}.Release|Any CPU.ActiveCfg = Release|Any CPU
		{C1880AAA-FF4E-4418-9A35-88321E0CB243}.Release|Any CPU.Build.0 = Release|Any CPU
	EndGlobalSection
	GlobalSection(SolutionProperties) = preSolution
		HideSolutionNode = FALSE
	EndGlobalSection
	GlobalSection(ExtensibilityGlobals) = postSolution
		SolutionGuid = {89D82A01-92A4-4950-900A-EB9AFE009339}
	EndGlobalSection
EndGlobal
